{
  "name": "TypeScript",
  "lockfileVersion": 2,
  "requires": true,
  "packages": {
    "": {
      "dependencies": {
        "@dsnp/activity-content": "github:LibertyDSNP/activity-content"
      }
    },
    "node_modules/@dsnp/activity-content": {
      "version": "1.0.0",
      "resolved": "git+ssh://git@github.com/LibertyDSNP/activity-content.git#716b156aa042d3308decefe895e624c380f8926c",
      "license": "Apache-2.0",
      "dependencies": {
        "js-sha3": "^0.8.0"
      }
    },
    "node_modules/js-sha3": {
      "version": "0.8.0",
      "resolved": "https://registry.npmjs.org/js-sha3/-/js-sha3-0.8.0.tgz",
      "integrity": "sha512-gF1cRrHhIzNfToc802P800N8PpXS+evLLXfsVpowqmAFR9uwbi89WvXg2QspOmXL8QL86J4T1EpFu+yUkwJY3Q=="
    }
  },
  "dependencies": {
    "@dsnp/activity-content": {
      "version": "git+ssh://git@github.com/LibertyDSNP/activity-content.git#716b156aa042d3308decefe895e624c380f8926c",
      "from": "@dsnp/activity-content@github:LibertyDSNP/activity-content",
      "requires": {
        "js-sha3": "^0.8.0"
      }
    },
    "js-sha3": {
      "version": "0.8.0",
      "resolved": "https://registry.npmjs.org/js-sha3/-/js-sha3-0.8.0.tgz",
      "integrity": "sha512-gF1cRrHhIzNfToc802P800N8PpXS+evLLXfsVpowqmAFR9uwbi89WvXg2QspOmXL8QL86J4T1EpFu+yUkwJY3Q=="
    }
  }
}
