// !$*UTF8*$!
{
	archiveVersion = 1;
	classes = {
	};
	objectVersion = 55;
	objects = {

/* Begin PBXBuildFile section */
		C72A56C32773E6AD00CC4712 /* AppDelegate.swift in Sources */ = {isa = PBXBuildFile; fileRef = C72A56C22773E6AD00CC4712 /* AppDelegate.swift */; };
		C72A56C52773E6AD00CC4712 /* SceneDelegate.swift in Sources */ = {isa = PBXBuildFile; fileRef = C72A56C42773E6AD00CC4712 /* SceneDelegate.swift */; };
		C72A56C72773E6AD00CC4712 /* ViewController.swift in Sources */ = {isa = PBXBuildFile; fileRef = C72A56C62773E6AD00CC4712 /* ViewController.swift */; };
		C72A56CA2773E6AD00CC4712 /* Main.storyboard in Resources */ = {isa = PBXBuildFile; fileRef = C72A56C82773E6AD00CC4712 /* Main.storyboard */; };
		C72A56CC2773E6B200CC4712 /* Assets.xcassets in Resources */ = {isa = PBXBuildFile; fileRef = C72A56CB2773E6B200CC4712 /* Assets.xcassets */; };
		C72A56CF2773E6B200CC4712 /* LaunchScreen.storyboard in Resources */ = {isa = PBXBuildFile; fileRef = C72A56CD2773E6B200CC4712 /* LaunchScreen.storyboard */; };
		C72A56DA2773E6B300CC4712 /* ContentActivitySDKTests.swift in Sources */ = {isa = PBXBuildFile; fileRef = C72A56D92773E6B300CC4712 /* ContentActivitySDKTests.swift */; };
		C72A56E42773E6B300CC4712 /* ContentActivitySDKUITests.swift in Sources */ = {isa = PBXBuildFile; fileRef = C72A56E32773E6B300CC4712 /* ContentActivitySDKUITests.swift */; };
		C72A56E62773E6B300CC4712 /* ContentActivitySDKUITestsLaunchTests.swift in Sources */ = {isa = PBXBuildFile; fileRef = C72A56E52773E6B300CC4712 /* ContentActivitySDKUITestsLaunchTests.swift */; };
		C72A56F42773E6DB00CC4712 /* ContentActivityFactory.swift in Sources */ = {isa = PBXBuildFile; fileRef = C72A56F32773E6DB00CC4712 /* ContentActivityFactory.swift */; };
/* End PBXBuildFile section */

/* Begin PBXContainerItemProxy section */
		C72A56D62773E6B300CC4712 /* PBXContainerItemProxy */ = {
			isa = PBXContainerItemProxy;
			containerPortal = C72A56B72773E6AD00CC4712 /* Project object */;
			proxyType = 1;
			remoteGlobalIDString = C72A56BE2773E6AD00CC4712;
			remoteInfo = ContentActivitySDK;
		};
		C72A56E02773E6B300CC4712 /* PBXContainerItemProxy */ = {
			isa = PBXContainerItemProxy;
			containerPortal = C72A56B72773E6AD00CC4712 /* Project object */;
			proxyType = 1;
			remoteGlobalIDString = C72A56BE2773E6AD00CC4712;
			remoteInfo = ContentActivitySDK;
		};
/* End PBXContainerItemProxy section */

/* Begin PBXFileReference section */
		C72A56BF2773E6AD00CC4712 /* ContentActivitySDK.app */ = {isa = PBXFileReference; explicitFileType = wrapper.application; includeInIndex = 0; path = ContentActivitySDK.app; sourceTree = BUILT_PRODUCTS_DIR; };
		C72A56C22773E6AD00CC4712 /* AppDelegate.swift */ = {isa = PBXFileReference; lastKnownFileType = sourcecode.swift; path = AppDelegate.swift; sourceTree = "<group>"; };
		C72A56C42773E6AD00CC4712 /* SceneDelegate.swift */ = {isa = PBXFileReference; lastKnownFileType = sourcecode.swift; path = SceneDelegate.swift; sourceTree = "<group>"; };
		C72A56C62773E6AD00CC4712 /* ViewController.swift */ = {isa = PBXFileReference; lastKnownFileType = sourcecode.swift; path = ViewController.swift; sourceTree = "<group>"; };
		C72A56C92773E6AD00CC4712 /* Base */ = {isa = PBXFileReference; lastKnownFileType = file.storyboard; name = Base; path = Base.lproj/Main.storyboard; sourceTree = "<group>"; };
		C72A56CB2773E6B200CC4712 /* Assets.xcassets */ = {isa = PBXFileReference; lastKnownFileType = folder.assetcatalog; path = Assets.xcassets; sourceTree = "<group>"; };
		C72A56CE2773E6B200CC4712 /* Base */ = {isa = PBXFileReference; lastKnownFileType = file.storyboard; name = Base; path = Base.lproj/LaunchScreen.storyboard; sourceTree = "<group>"; };
		C72A56D02773E6B200CC4712 /* Info.plist */ = {isa = PBXFileReference; lastKnownFileType = text.plist.xml; path = Info.plist; sourceTree = "<group>"; };
		C72A56D52773E6B300CC4712 /* ContentActivitySDKTests.xctest */ = {isa = PBXFileReference; explicitFileType = wrapper.cfbundle; includeInIndex = 0; path = ContentActivitySDKTests.xctest; sourceTree = BUILT_PRODUCTS_DIR; };
		C72A56D92773E6B300CC4712 /* ContentActivitySDKTests.swift */ = {isa = PBXFileReference; lastKnownFileType = sourcecode.swift; path = ContentActivitySDKTests.swift; sourceTree = "<group>"; };
		C72A56DF2773E6B300CC4712 /* ContentActivitySDKUITests.xctest */ = {isa = PBXFileReference; explicitFileType = wrapper.cfbundle; includeInIndex = 0; path = ContentActivitySDKUITests.xctest; sourceTree = BUILT_PRODUCTS_DIR; };
		C72A56E32773E6B300CC4712 /* ContentActivitySDKUITests.swift */ = {isa = PBXFileReference; lastKnownFileType = sourcecode.swift; path = ContentActivitySDKUITests.swift; sourceTree = "<group>"; };
		C72A56E52773E6B300CC4712 /* ContentActivitySDKUITestsLaunchTests.swift */ = {isa = PBXFileReference; lastKnownFileType = sourcecode.swift; path = ContentActivitySDKUITestsLaunchTests.swift; sourceTree = "<group>"; };
		C72A56F32773E6DB00CC4712 /* ContentActivityFactory.swift */ = {isa = PBXFileReference; lastKnownFileType = sourcecode.swift; path = ContentActivityFactory.swift; sourceTree = "<group>"; };
/* End PBXFileReference section */

/* Begin PBXFrameworksBuildPhase section */
		C72A56BC2773E6AD00CC4712 /* Frameworks */ = {
			isa = PBXFrameworksBuildPhase;
			buildActionMask = 2147483647;
			files = (
			);
			runOnlyForDeploymentPostprocessing = 0;
		};
		C72A56D22773E6B300CC4712 /* Frameworks */ = {
			isa = PBXFrameworksBuildPhase;
			buildActionMask = 2147483647;
			files = (
			);
			runOnlyForDeploymentPostprocessing = 0;
		};
		C72A56DC2773E6B300CC4712 /* Frameworks */ = {
			isa = PBXFrameworksBuildPhase;
			buildActionMask = 2147483647;
			files = (
			);
			runOnlyForDeploymentPostprocessing = 0;
		};
/* End PBXFrameworksBuildPhase section */

/* Begin PBXGroup section */
		C72A56B62773E6AD00CC4712 = {
			isa = PBXGroup;
			children = (
				C72A56C12773E6AD00CC4712 /* ContentActivitySDK */,
				C72A56D82773E6B300CC4712 /* ContentActivitySDKTests */,
				C72A56E22773E6B300CC4712 /* ContentActivitySDKUITests */,
				C72A56C02773E6AD00CC4712 /* Products */,
			);
			sourceTree = "<group>";
		};
		C72A56C02773E6AD00CC4712 /* Products */ = {
			isa = PBXGroup;
			children = (
				C72A56BF2773E6AD00CC4712 /* ContentActivitySDK.app */,
				C72A56D52773E6B300CC4712 /* ContentActivitySDKTests.xctest */,
				C72A56DF2773E6B300CC4712 /* ContentActivitySDKUITests.xctest */,
			);
			name = Products;
			sourceTree = "<group>";
		};
		C72A56C12773E6AD00CC4712 /* ContentActivitySDK */ = {
			isa = PBXGroup;
			children = (
				C72A56F22773E6CE00CC4712 /* Source */,
				C72A56C22773E6AD00CC4712 /* AppDelegate.swift */,
				C72A56C42773E6AD00CC4712 /* SceneDelegate.swift */,
				C72A56C62773E6AD00CC4712 /* ViewController.swift */,
				C72A56C82773E6AD00CC4712 /* Main.storyboard */,
				C72A56CB2773E6B200CC4712 /* Assets.xcassets */,
				C72A56CD2773E6B200CC4712 /* LaunchScreen.storyboard */,
				C72A56D02773E6B200CC4712 /* Info.plist */,
			);
			path = ContentActivitySDK;
			sourceTree = "<group>";
		};
		C72A56D82773E6B300CC4712 /* ContentActivitySDKTests */ = {
			isa = PBXGroup;
			children = (
				C72A56D92773E6B300CC4712 /* ContentActivitySDKTests.swift */,
			);
			path = ContentActivitySDKTests;
			sourceTree = "<group>";
		};
		C72A56E22773E6B300CC4712 /* ContentActivitySDKUITests */ = {
			isa = PBXGroup;
			children = (
				C72A56E32773E6B300CC4712 /* ContentActivitySDKUITests.swift */,
				C72A56E52773E6B300CC4712 /* ContentActivitySDKUITestsLaunchTests.swift */,
			);
			path = ContentActivitySDKUITests;
			sourceTree = "<group>";
		};
		C72A56F22773E6CE00CC4712 /* Source */ = {
			isa = PBXGroup;
			children = (
				C72A56F32773E6DB00CC4712 /* ContentActivityFactory.swift */,
			);
			path = Source;
			sourceTree = "<group>";
		};
/* End PBXGroup section */

/* Begin PBXNativeTarget section */
		C72A56BE2773E6AD00CC4712 /* ContentActivitySDK */ = {
			isa = PBXNativeTarget;
			buildConfigurationList = C72A56E92773E6B300CC4712 /* Build configuration list for PBXNativeTarget "ContentActivitySDK" */;
			buildPhases = (
				C72A56BB2773E6AD00CC4712 /* Sources */,
				C72A56BC2773E6AD00CC4712 /* Frameworks */,
				C72A56BD2773E6AD00CC4712 /* Resources */,
			);
			buildRules = (
			);
			dependencies = (
			);
			name = ContentActivitySDK;
			productName = ContentActivitySDK;
			productReference = C72A56BF2773E6AD00CC4712 /* ContentActivitySDK.app */;
			productType = "com.apple.product-type.application";
		};
		C72A56D42773E6B300CC4712 /* ContentActivitySDKTests */ = {
			isa = PBXNativeTarget;
			buildConfigurationList = C72A56EC2773E6B300CC4712 /* Build configuration list for PBXNativeTarget "ContentActivitySDKTests" */;
			buildPhases = (
				C72A56D12773E6B300CC4712 /* Sources */,
				C72A56D22773E6B300CC4712 /* Frameworks */,
				C72A56D32773E6B300CC4712 /* Resources */,
			);
			buildRules = (
			);
			dependencies = (
				C72A56D72773E6B300CC4712 /* PBXTargetDependency */,
			);
			name = ContentActivitySDKTests;
			productName = ContentActivitySDKTests;
			productReference = C72A56D52773E6B300CC4712 /* ContentActivitySDKTests.xctest */;
			productType = "com.apple.product-type.bundle.unit-test";
		};
		C72A56DE2773E6B300CC4712 /* ContentActivitySDKUITests */ = {
			isa = PBXNativeTarget;
			buildConfigurationList = C72A56EF2773E6B300CC4712 /* Build configuration list for PBXNativeTarget "ContentActivitySDKUITests" */;
			buildPhases = (
				C72A56DB2773E6B300CC4712 /* Sources */,
				C72A56DC2773E6B300CC4712 /* Frameworks */,
				C72A56DD2773E6B300CC4712 /* Resources */,
			);
			buildRules = (
			);
			dependencies = (
				C72A56E12773E6B300CC4712 /* PBXTargetDependency */,
			);
			name = ContentActivitySDKUITests;
			productName = ContentActivitySDKUITests;
			productReference = C72A56DF2773E6B300CC4712 /* ContentActivitySDKUITests.xctest */;
			productType = "com.apple.product-type.bundle.ui-testing";
		};
/* End PBXNativeTarget section */

/* Begin PBXProject section */
		C72A56B72773E6AD00CC4712 /* Project object */ = {
			isa = PBXProject;
			attributes = {
				BuildIndependentTargetsInParallel = 1;
				LastSwiftUpdateCheck = 1310;
				LastUpgradeCheck = 1310;
				TargetAttributes = {
					C72A56BE2773E6AD00CC4712 = {
						CreatedOnToolsVersion = 13.1;
					};
					C72A56D42773E6B300CC4712 = {
						CreatedOnToolsVersion = 13.1;
						TestTargetID = C72A56BE2773E6AD00CC4712;
					};
					C72A56DE2773E6B300CC4712 = {
						CreatedOnToolsVersion = 13.1;
						TestTargetID = C72A56BE2773E6AD00CC4712;
					};
				};
			};
			buildConfigurationList = C72A56BA2773E6AD00CC4712 /* Build configuration list for PBXProject "ContentActivitySDK" */;
			compatibilityVersion = "Xcode 13.0";
			developmentRegion = en;
			hasScannedForEncodings = 0;
			knownRegions = (
				en,
				Base,
			);
			mainGroup = C72A56B62773E6AD00CC4712;
			productRefGroup = C72A56C02773E6AD00CC4712 /* Products */;
			projectDirPath = "";
			projectRoot = "";
			targets = (
				C72A56BE2773E6AD00CC4712 /* ContentActivitySDK */,
				C72A56D42773E6B300CC4712 /* ContentActivitySDKTests */,
				C72A56DE2773E6B300CC4712 /* ContentActivitySDKUITests */,
			);
		};
/* End PBXProject section */

/* Begin PBXResourcesBuildPhase section */
		C72A56BD2773E6AD00CC4712 /* Resources */ = {
			isa = PBXResourcesBuildPhase;
			buildActionMask = 2147483647;
			files = (
				C72A56CF2773E6B200CC4712 /* LaunchScreen.storyboard in Resources */,
				C72A56CC2773E6B200CC4712 /* Assets.xcassets in Resources */,
				C72A56CA2773E6AD00CC4712 /* Main.storyboard in Resources */,
			);
			runOnlyForDeploymentPostprocessing = 0;
		};
		C72A56D32773E6B300CC4712 /* Resources */ = {
			isa = PBXResourcesBuildPhase;
			buildActionMask = 2147483647;
			files = (
			);
			runOnlyForDeploymentPostprocessing = 0;
		};
		C72A56DD2773E6B300CC4712 /* Resources */ = {
			isa = PBXResourcesBuildPhase;
			buildActionMask = 2147483647;
			files = (
			);
			runOnlyForDeploymentPostprocessing = 0;
		};
/* End PBXResourcesBuildPhase section */

/* Begin PBXSourcesBuildPhase section */
		C72A56BB2773E6AD00CC4712 /* Sources */ = {
			isa = PBXSourcesBuildPhase;
			buildActionMask = 2147483647;
			files = (
				C72A56F42773E6DB00CC4712 /* ContentActivityFactory.swift in Sources */,
				C72A56C72773E6AD00CC4712 /* ViewController.swift in Sources */,
				C72A56C32773E6AD00CC4712 /* AppDelegate.swift in Sources */,
				C72A56C52773E6AD00CC4712 /* SceneDelegate.swift in Sources */,
			);
			runOnlyForDeploymentPostprocessing = 0;
		};
		C72A56D12773E6B300CC4712 /* Sources */ = {
			isa = PBXSourcesBuildPhase;
			buildActionMask = 2147483647;
			files = (
				C72A56DA2773E6B300CC4712 /* ContentActivitySDKTests.swift in Sources */,
			);
			runOnlyForDeploymentPostprocessing = 0;
		};
		C72A56DB2773E6B300CC4712 /* Sources */ = {
			isa = PBXSourcesBuildPhase;
			buildActionMask = 2147483647;
			files = (
				C72A56E62773E6B300CC4712 /* ContentActivitySDKUITestsLaunchTests.swift in Sources */,
				C72A56E42773E6B300CC4712 /* ContentActivitySDKUITests.swift in Sources */,
			);
			runOnlyForDeploymentPostprocessing = 0;
		};
/* End PBXSourcesBuildPhase section */

/* Begin PBXTargetDependency section */
		C72A56D72773E6B300CC4712 /* PBXTargetDependency */ = {
			isa = PBXTargetDependency;
			target = C72A56BE2773E6AD00CC4712 /* ContentActivitySDK */;
			targetProxy = C72A56D62773E6B300CC4712 /* PBXContainerItemProxy */;
		};
		C72A56E12773E6B300CC4712 /* PBXTargetDependency */ = {
			isa = PBXTargetDependency;
			target = C72A56BE2773E6AD00CC4712 /* ContentActivitySDK */;
			targetProxy = C72A56E02773E6B300CC4712 /* PBXContainerItemProxy */;
		};
/* End PBXTargetDependency section */

/* Begin PBXVariantGroup section */
		C72A56C82773E6AD00CC4712 /* Main.storyboard */ = {
			isa = PBXVariantGroup;
			children = (
				C72A56C92773E6AD00CC4712 /* Base */,
			);
			name = Main.storyboard;
			sourceTree = "<group>";
		};
		C72A56CD2773E6B200CC4712 /* LaunchScreen.storyboard */ = {
			isa = PBXVariantGroup;
			children = (
				C72A56CE2773E6B200CC4712 /* Base */,
			);
			name = LaunchScreen.storyboard;
			sourceTree = "<group>";
		};
/* End PBXVariantGroup section */

/* Begin XCBuildConfiguration section */
		C72A56E72773E6B300CC4712 /* Debug */ = {
			isa = XCBuildConfiguration;
			buildSettings = {
				ALWAYS_SEARCH_USER_PATHS = NO;
				CLANG_ANALYZER_NONNULL = YES;
				CLANG_ANALYZER_NUMBER_OBJECT_CONVERSION = YES_AGGRESSIVE;
				CLANG_CXX_LANGUAGE_STANDARD = "gnu++17";
				CLANG_CXX_LIBRARY = "libc++";
				CLANG_ENABLE_MODULES = YES;
				CLANG_ENABLE_OBJC_ARC = YES;
				CLANG_ENABLE_OBJC_WEAK = YES;
				CLANG_WARN_BLOCK_CAPTURE_AUTORELEASING = YES;
				CLANG_WARN_BOOL_CONVERSION = YES;
				CLANG_WARN_COMMA = YES;
				CLANG_WARN_CONSTANT_CONVERSION = YES;
				CLANG_WARN_DEPRECATED_OBJC_IMPLEMENTATIONS = YES;
				CLANG_WARN_DIRECT_OBJC_ISA_USAGE = YES_ERROR;
				CLANG_WARN_DOCUMENTATION_COMMENTS = YES;
				CLANG_WARN_EMPTY_BODY = YES;
				CLANG_WARN_ENUM_CONVERSION = YES;
				CLANG_WARN_INFINITE_RECURSION = YES;
				CLANG_WARN_INT_CONVERSION = YES;
				CLANG_WARN_NON_LITERAL_NULL_CONVERSION = YES;
				CLANG_WARN_OBJC_IMPLICIT_RETAIN_SELF = YES;
				CLANG_WARN_OBJC_LITERAL_CONVERSION = YES;
				CLANG_WARN_OBJC_ROOT_CLASS = YES_ERROR;
				CLANG_WARN_QUOTED_INCLUDE_IN_FRAMEWORK_HEADER = YES;
				CLANG_WARN_RANGE_LOOP_ANALYSIS = YES;
				CLANG_WARN_STRICT_PROTOTYPES = YES;
				CLANG_WARN_SUSPICIOUS_MOVE = YES;
				CLANG_WARN_UNGUARDED_AVAILABILITY = YES_AGGRESSIVE;
				CLANG_WARN_UNREACHABLE_CODE = YES;
				CLANG_WARN__DUPLICATE_METHOD_MATCH = YES;
				COPY_PHASE_STRIP = NO;
				DEBUG_INFORMATION_FORMAT = dwarf;
				ENABLE_STRICT_OBJC_MSGSEND = YES;
				ENABLE_TESTABILITY = YES;
				GCC_C_LANGUAGE_STANDARD = gnu11;
				GCC_DYNAMIC_NO_PIC = NO;
				GCC_NO_COMMON_BLOCKS = YES;
				GCC_OPTIMIZATION_LEVEL = 0;
				GCC_PREPROCESSOR_DEFINITIONS = (
					"DEBUG=1",
					"$(inherited)",
				);
				GCC_WARN_64_TO_32_BIT_CONVERSION = YES;
				GCC_WARN_ABOUT_RETURN_TYPE = YES_ERROR;
				GCC_WARN_UNDECLARED_SELECTOR = YES;
				GCC_WARN_UNINITIALIZED_AUTOS = YES_AGGRESSIVE;
				GCC_WARN_UNUSED_FUNCTION = YES;
				GCC_WARN_UNUSED_VARIABLE = YES;
				IPHONEOS_DEPLOYMENT_TARGET = 15.0;
				MTL_ENABLE_DEBUG_INFO = INCLUDE_SOURCE;
				MTL_FAST_MATH = YES;
				ONLY_ACTIVE_ARCH = YES;
				SDKROOT = iphoneos;
				SWIFT_ACTIVE_COMPILATION_CONDITIONS = DEBUG;
				SWIFT_OPTIMIZATION_LEVEL = "-Onone";
			};
			name = Debug;
		};
		C72A56E82773E6B300CC4712 /* Release */ = {
			isa = XCBuildConfiguration;
			buildSettings = {
				ALWAYS_SEARCH_USER_PATHS = NO;
				CLANG_ANALYZER_NONNULL = YES;
				CLANG_ANALYZER_NUMBER_OBJECT_CONVERSION = YES_AGGRESSIVE;
				CLANG_CXX_LANGUAGE_STANDARD = "gnu++17";
				CLANG_CXX_LIBRARY = "libc++";
				CLANG_ENABLE_MODULES = YES;
				CLANG_ENABLE_OBJC_ARC = YES;
				CLANG_ENABLE_OBJC_WEAK = YES;
				CLANG_WARN_BLOCK_CAPTURE_AUTORELEASING = YES;
				CLANG_WARN_BOOL_CONVERSION = YES;
				CLANG_WARN_COMMA = YES;
				CLANG_WARN_CONSTANT_CONVERSION = YES;
				CLANG_WARN_DEPRECATED_OBJC_IMPLEMENTATIONS = YES;
				CLANG_WARN_DIRECT_OBJC_ISA_USAGE = YES_ERROR;
				CLANG_WARN_DOCUMENTATION_COMMENTS = YES;
				CLANG_WARN_EMPTY_BODY = YES;
				CLANG_WARN_ENUM_CONVERSION = YES;
				CLANG_WARN_INFINITE_RECURSION = YES;
				CLANG_WARN_INT_CONVERSION = YES;
				CLANG_WARN_NON_LITERAL_NULL_CONVERSION = YES;
				CLANG_WARN_OBJC_IMPLICIT_RETAIN_SELF = YES;
				CLANG_WARN_OBJC_LITERAL_CONVERSION = YES;
				CLANG_WARN_OBJC_ROOT_CLASS = YES_ERROR;
				CLANG_WARN_QUOTED_INCLUDE_IN_FRAMEWORK_HEADER = YES;
				CLANG_WARN_RANGE_LOOP_ANALYSIS = YES;
				CLANG_WARN_STRICT_PROTOTYPES = YES;
				CLANG_WARN_SUSPICIOUS_MOVE = YES;
				CLANG_WARN_UNGUARDED_AVAILABILITY = YES_AGGRESSIVE;
				CLANG_WARN_UNREACHABLE_CODE = YES;
				CLANG_WARN__DUPLICATE_METHOD_MATCH = YES;
				COPY_PHASE_STRIP = NO;
				DEBUG_INFORMATION_FORMAT = "dwarf-with-dsym";
				ENABLE_NS_ASSERTIONS = NO;
				ENABLE_STRICT_OBJC_MSGSEND = YES;
				GCC_C_LANGUAGE_STANDARD = gnu11;
				GCC_NO_COMMON_BLOCKS = YES;
				GCC_WARN_64_TO_32_BIT_CONVERSION = YES;
				GCC_WARN_ABOUT_RETURN_TYPE = YES_ERROR;
				GCC_WARN_UNDECLARED_SELECTOR = YES;
				GCC_WARN_UNINITIALIZED_AUTOS = YES_AGGRESSIVE;
				GCC_WARN_UNUSED_FUNCTION = YES;
				GCC_WARN_UNUSED_VARIABLE = YES;
				IPHONEOS_DEPLOYMENT_TARGET = 15.0;
				MTL_ENABLE_DEBUG_INFO = NO;
				MTL_FAST_MATH = YES;
				SDKROOT = iphoneos;
				SWIFT_COMPILATION_MODE = wholemodule;
				SWIFT_OPTIMIZATION_LEVEL = "-O";
				VALIDATE_PRODUCT = YES;
			};
			name = Release;
		};
		C72A56EA2773E6B300CC4712 /* Debug */ = {
			isa = XCBuildConfiguration;
			buildSettings = {
				ASSETCATALOG_COMPILER_APPICON_NAME = AppIcon;
				ASSETCATALOG_COMPILER_GLOBAL_ACCENT_COLOR_NAME = AccentColor;
				CODE_SIGN_STYLE = Automatic;
				CURRENT_PROJECT_VERSION = 1;
				DEVELOPMENT_TEAM = U95Q67332B;
				GENERATE_INFOPLIST_FILE = YES;
				INFOPLIST_FILE = ContentActivitySDK/Info.plist;
				INFOPLIST_KEY_UIApplicationSupportsIndirectInputEvents = YES;
				INFOPLIST_KEY_UILaunchStoryboardName = LaunchScreen;
				INFOPLIST_KEY_UIMainStoryboardFile = Main;
				INFOPLIST_KEY_UISupportedInterfaceOrientations_iPad = "UIInterfaceOrientationPortrait UIInterfaceOrientationPortraitUpsideDown UIInterfaceOrientationLandscapeLeft UIInterfaceOrientationLandscapeRight";
				INFOPLIST_KEY_UISupportedInterfaceOrientations_iPhone = "UIInterfaceOrientationPortrait UIInterfaceOrientationLandscapeLeft UIInterfaceOrientationLandscapeRight";
				LD_RUNPATH_SEARCH_PATHS = (
					"$(inherited)",
					"@executable_path/Frameworks",
				);
				MARKETING_VERSION = 1.0;
				PRODUCT_BUNDLE_IDENTIFIER = com.unfinished.us.ContentActivitySDK;
				PRODUCT_NAME = "$(TARGET_NAME)";
				SWIFT_EMIT_LOC_STRINGS = YES;
				SWIFT_VERSION = 5.0;
				TARGETED_DEVICE_FAMILY = "1,2";
			};
			name = Debug;
		};
		C72A56EB2773E6B300CC4712 /* Release */ = {
			isa = XCBuildConfiguration;
			buildSettings = {
				ASSETCATALOG_COMPILER_APPICON_NAME = AppIcon;
				ASSETCATALOG_COMPILER_GLOBAL_ACCENT_COLOR_NAME = AccentColor;
				CODE_SIGN_STYLE = Automatic;
				CURRENT_PROJECT_VERSION = 1;
				DEVELOPMENT_TEAM = U95Q67332B;
				GENERATE_INFOPLIST_FILE = YES;
				INFOPLIST_FILE = ContentActivitySDK/Info.plist;
				INFOPLIST_KEY_UIApplicationSupportsIndirectInputEvents = YES;
				INFOPLIST_KEY_UILaunchStoryboardName = LaunchScreen;
				INFOPLIST_KEY_UIMainStoryboardFile = Main;
				INFOPLIST_KEY_UISupportedInterfaceOrientations_iPad = "UIInterfaceOrientationPortrait UIInterfaceOrientationPortraitUpsideDown UIInterfaceOrientationLandscapeLeft UIInterfaceOrientationLandscapeRight";
				INFOPLIST_KEY_UISupportedInterfaceOrientations_iPhone = "UIInterfaceOrientationPortrait UIInterfaceOrientationLandscapeLeft UIInterfaceOrientationLandscapeRight";
				LD_RUNPATH_SEARCH_PATHS = (
					"$(inherited)",
					"@executable_path/Frameworks",
				);
				MARKETING_VERSION = 1.0;
				PRODUCT_BUNDLE_IDENTIFIER = com.unfinished.us.ContentActivitySDK;
				PRODUCT_NAME = "$(TARGET_NAME)";
				SWIFT_EMIT_LOC_STRINGS = YES;
				SWIFT_VERSION = 5.0;
				TARGETED_DEVICE_FAMILY = "1,2";
			};
			name = Release;
		};
		C72A56ED2773E6B300CC4712 /* Debug */ = {
			isa = XCBuildConfiguration;
			buildSettings = {
				ALWAYS_EMBED_SWIFT_STANDARD_LIBRARIES = YES;
				BUNDLE_LOADER = "$(TEST_HOST)";
				CODE_SIGN_STYLE = Automatic;
				CURRENT_PROJECT_VERSION = 1;
				DEVELOPMENT_TEAM = U95Q67332B;
				GENERATE_INFOPLIST_FILE = YES;
				IPHONEOS_DEPLOYMENT_TARGET = 15.0;
				LD_RUNPATH_SEARCH_PATHS = (
					"$(inherited)",
					"@executable_path/Frameworks",
					"@loader_path/Frameworks",
				);
				MARKETING_VERSION = 1.0;
				PRODUCT_BUNDLE_IDENTIFIER = com.unfinished.us.ContentActivitySDKTests;
				PRODUCT_NAME = "$(TARGET_NAME)";
				SWIFT_EMIT_LOC_STRINGS = NO;
				SWIFT_VERSION = 5.0;
				TARGETED_DEVICE_FAMILY = "1,2";
				TEST_HOST = "$(BUILT_PRODUCTS_DIR)/ContentActivitySDK.app/ContentActivitySDK";
			};
			name = Debug;
		};
		C72A56EE2773E6B300CC4712 /* Release */ = {
			isa = XCBuildConfiguration;
			buildSettings = {
				ALWAYS_EMBED_SWIFT_STANDARD_LIBRARIES = YES;
				BUNDLE_LOADER = "$(TEST_HOST)";
				CODE_SIGN_STYLE = Automatic;
				CURRENT_PROJECT_VERSION = 1;
				DEVELOPMENT_TEAM = U95Q67332B;
				GENERATE_INFOPLIST_FILE = YES;
				IPHONEOS_DEPLOYMENT_TARGET = 15.0;
				LD_RUNPATH_SEARCH_PATHS = (
					"$(inherited)",
					"@executable_path/Frameworks",
					"@loader_path/Frameworks",
				);
				MARKETING_VERSION = 1.0;
				PRODUCT_BUNDLE_IDENTIFIER = com.unfinished.us.ContentActivitySDKTests;
				PRODUCT_NAME = "$(TARGET_NAME)";
				SWIFT_EMIT_LOC_STRINGS = NO;
				SWIFT_VERSION = 5.0;
				TARGETED_DEVICE_FAMILY = "1,2";
				TEST_HOST = "$(BUILT_PRODUCTS_DIR)/ContentActivitySDK.app/ContentActivitySDK";
			};
			name = Release;
		};
		C72A56F02773E6B300CC4712 /* Debug */ = {
			isa = XCBuildConfiguration;
			buildSettings = {
				ALWAYS_EMBED_SWIFT_STANDARD_LIBRARIES = YES;
				CODE_SIGN_STYLE = Automatic;
				CURRENT_PROJECT_VERSION = 1;
				DEVELOPMENT_TEAM = U95Q67332B;
				GENERATE_INFOPLIST_FILE = YES;
				LD_RUNPATH_SEARCH_PATHS = (
					"$(inherited)",
					"@executable_path/Frameworks",
					"@loader_path/Frameworks",
				);
				MARKETING_VERSION = 1.0;
				PRODUCT_BUNDLE_IDENTIFIER = com.unfinished.us.ContentActivitySDKUITests;
				PRODUCT_NAME = "$(TARGET_NAME)";
				SWIFT_EMIT_LOC_STRINGS = NO;
				SWIFT_VERSION = 5.0;
				TARGETED_DEVICE_FAMILY = "1,2";
				TEST_TARGET_NAME = ContentActivitySDK;
			};
			name = Debug;
		};
		C72A56F12773E6B300CC4712 /* Release */ = {
			isa = XCBuildConfiguration;
			buildSettings = {
				ALWAYS_EMBED_SWIFT_STANDARD_LIBRARIES = YES;
				CODE_SIGN_STYLE = Automatic;
				CURRENT_PROJECT_VERSION = 1;
				DEVELOPMENT_TEAM = U95Q67332B;
				GENERATE_INFOPLIST_FILE = YES;
				LD_RUNPATH_SEARCH_PATHS = (
					"$(inherited)",
					"@executable_path/Frameworks",
					"@loader_path/Frameworks",
				);
				MARKETING_VERSION = 1.0;
				PRODUCT_BUNDLE_IDENTIFIER = com.unfinished.us.ContentActivitySDKUITests;
				PRODUCT_NAME = "$(TARGET_NAME)";
				SWIFT_EMIT_LOC_STRINGS = NO;
				SWIFT_VERSION = 5.0;
				TARGETED_DEVICE_FAMILY = "1,2";
				TEST_TARGET_NAME = ContentActivitySDK;
			};
			name = Release;
		};
/* End XCBuildConfiguration section */

/* Begin XCConfigurationList section */
		C72A56BA2773E6AD00CC4712 /* Build configuration list for PBXProject "ContentActivitySDK" */ = {
			isa = XCConfigurationList;
			buildConfigurations = (
				C72A56E72773E6B300CC4712 /* Debug */,
				C72A56E82773E6B300CC4712 /* Release */,
			);
			defaultConfigurationIsVisible = 0;
			defaultConfigurationName = Release;
		};
		C72A56E92773E6B300CC4712 /* Build configuration list for PBXNativeTarget "ContentActivitySDK" */ = {
			isa = XCConfigurationList;
			buildConfigurations = (
				C72A56EA2773E6B300CC4712 /* Debug */,
				C72A56EB2773E6B300CC4712 /* Release */,
			);
			defaultConfigurationIsVisible = 0;
			defaultConfigurationName = Release;
		};
		C72A56EC2773E6B300CC4712 /* Build configuration list for PBXNativeTarget "ContentActivitySDKTests" */ = {
			isa = XCConfigurationList;
			buildConfigurations = (
				C72A56ED2773E6B300CC4712 /* Debug */,
				C72A56EE2773E6B300CC4712 /* Release */,
			);
			defaultConfigurationIsVisible = 0;
			defaultConfigurationName = Release;
		};
		C72A56EF2773E6B300CC4712 /* Build configuration list for PBXNativeTarget "ContentActivitySDKUITests" */ = {
			isa = XCConfigurationList;
			buildConfigurations = (
				C72A56F02773E6B300CC4712 /* Debug */,
				C72A56F12773E6B300CC4712 /* Release */,
			);
			defaultConfigurationIsVisible = 0;
			defaultConfigurationName = Release;
		};
/* End XCConfigurationList section */
	};
	rootObject = C72A56B72773E6AD00CC4712 /* Project object */;
}
