// !$*UTF8*$!
{
	archiveVersion = 1;
	classes = {
	};
	objectVersion = 55;
	objects = {

/* Begin PBXBuildFile section */
		C72A571D277D1E2E00CC4712 /* AppDelegate.swift in Sources */ = {isa = PBXBuildFile; fileRef = C72A571C277D1E2E00CC4712 /* AppDelegate.swift */; };
		C72A571F277D1E2E00CC4712 /* SceneDelegate.swift in Sources */ = {isa = PBXBuildFile; fileRef = C72A571E277D1E2E00CC4712 /* SceneDelegate.swift */; };
		C72A5721277D1E2E00CC4712 /* ViewController.swift in Sources */ = {isa = PBXBuildFile; fileRef = C72A5720277D1E2E00CC4712 /* ViewController.swift */; };
		C72A5724277D1E2E00CC4712 /* Main.storyboard in Resources */ = {isa = PBXBuildFile; fileRef = C72A5722277D1E2E00CC4712 /* Main.storyboard */; };
		C72A5726277D1E3100CC4712 /* Assets.xcassets in Resources */ = {isa = PBXBuildFile; fileRef = C72A5725277D1E3000CC4712 /* Assets.xcassets */; };
		C72A5729277D1E3100CC4712 /* LaunchScreen.storyboard in Resources */ = {isa = PBXBuildFile; fileRef = C72A5727277D1E3100CC4712 /* LaunchScreen.storyboard */; };
		C72A573E277D1E3100CC4712 /* ActivityContentSDKUITests.swift in Sources */ = {isa = PBXBuildFile; fileRef = C72A573D277D1E3100CC4712 /* ActivityContentSDKUITests.swift */; };
		C72A5740277D1E3100CC4712 /* ActivityContentSDKUITestsLaunchTests.swift in Sources */ = {isa = PBXBuildFile; fileRef = C72A573F277D1E3100CC4712 /* ActivityContentSDKUITestsLaunchTests.swift */; };
		C72A5759277D1E7700CC4712 /* HashUtil.swift in Sources */ = {isa = PBXBuildFile; fileRef = C72A574E277D1E7700CC4712 /* HashUtil.swift */; };
		C72A575A277D1E7700CC4712 /* VerificationUtil.swift in Sources */ = {isa = PBXBuildFile; fileRef = C72A574F277D1E7700CC4712 /* VerificationUtil.swift */; };
		C72A575B277D1E7700CC4712 /* Types.swift in Sources */ = {isa = PBXBuildFile; fileRef = C72A5750277D1E7700CC4712 /* Types.swift */; };
		C72A575C277D1E7700CC4712 /* Location.swift in Sources */ = {isa = PBXBuildFile; fileRef = C72A5752277D1E7700CC4712 /* Location.swift */; };
		C72A575D277D1E7700CC4712 /* Hash.swift in Sources */ = {isa = PBXBuildFile; fileRef = C72A5753277D1E7700CC4712 /* Hash.swift */; };
		C72A575E277D1E7700CC4712 /* BaseAttachment.swift in Sources */ = {isa = PBXBuildFile; fileRef = C72A5754277D1E7700CC4712 /* BaseAttachment.swift */; };
		C72A575F277D1E7700CC4712 /* Profile.swift in Sources */ = {isa = PBXBuildFile; fileRef = C72A5755277D1E7700CC4712 /* Profile.swift */; };
		C72A5760277D1E7700CC4712 /* Note.swift in Sources */ = {isa = PBXBuildFile; fileRef = C72A5756277D1E7700CC4712 /* Note.swift */; };
		C72A5761277D1E7700CC4712 /* BaseTag.swift in Sources */ = {isa = PBXBuildFile; fileRef = C72A5757277D1E7700CC4712 /* BaseTag.swift */; };
		C72A5762277D1E7700CC4712 /* ActivityContentFactory.swift in Sources */ = {isa = PBXBuildFile; fileRef = C72A5758277D1E7700CC4712 /* ActivityContentFactory.swift */; };
		C72A5765277D1EB200CC4712 /* ActivityContentSDKTests.swift in Sources */ = {isa = PBXBuildFile; fileRef = C72A5763277D1EB200CC4712 /* ActivityContentSDKTests.swift */; };
		C72A5766277D1EB200CC4712 /* ValidationUtilTests.swift in Sources */ = {isa = PBXBuildFile; fileRef = C72A5764277D1EB200CC4712 /* ValidationUtilTests.swift */; };
		C72A5769277D1EDA00CC4712 /* SwiftKeccak in Frameworks */ = {isa = PBXBuildFile; productRef = C72A5768277D1EDA00CC4712 /* SwiftKeccak */; };
		C72A576B2783A73000CC4712 /* NoteTests.swift in Sources */ = {isa = PBXBuildFile; fileRef = C72A576A2783A73000CC4712 /* NoteTests.swift */; };
		C72A576D2783AC2C00CC4712 /* TestUtil.swift in Sources */ = {isa = PBXBuildFile; fileRef = C72A576C2783AC2C00CC4712 /* TestUtil.swift */; };
		C72A576F2783AD2700CC4712 /* HashTests.swift in Sources */ = {isa = PBXBuildFile; fileRef = C72A576E2783AD2700CC4712 /* HashTests.swift */; };
		C72A57712783ADB800CC4712 /* HashUtilTests.swift in Sources */ = {isa = PBXBuildFile; fileRef = C72A57702783ADB800CC4712 /* HashUtilTests.swift */; };
		C72A57772783AEF800CC4712 /* AttachmentTests.swift in Sources */ = {isa = PBXBuildFile; fileRef = C72A57762783AEF800CC4712 /* AttachmentTests.swift */; };
		C72A57792783E4AE00CC4712 /* TagTests.swift in Sources */ = {isa = PBXBuildFile; fileRef = C72A57782783E4AE00CC4712 /* TagTests.swift */; };
		C72A577C2785230100CC4712 /* AudioAttachment.swift in Sources */ = {isa = PBXBuildFile; fileRef = C72A577B2785230100CC4712 /* AudioAttachment.swift */; };
		C72A577E2785231800CC4712 /* ImageAttachment.swift in Sources */ = {isa = PBXBuildFile; fileRef = C72A577D2785231800CC4712 /* ImageAttachment.swift */; };
		C72A57802785231F00CC4712 /* VideoAttachment.swift in Sources */ = {isa = PBXBuildFile; fileRef = C72A577F2785231F00CC4712 /* VideoAttachment.swift */; };
		C72A57822785232B00CC4712 /* LinkAttachment.swift in Sources */ = {isa = PBXBuildFile; fileRef = C72A57812785232B00CC4712 /* LinkAttachment.swift */; };
		C72A57842785236F00CC4712 /* BaseLink.swift in Sources */ = {isa = PBXBuildFile; fileRef = C72A57832785236F00CC4712 /* BaseLink.swift */; };
		C72A5786278523AF00CC4712 /* AudioLink.swift in Sources */ = {isa = PBXBuildFile; fileRef = C72A5785278523AF00CC4712 /* AudioLink.swift */; };
		C72A5788278523BC00CC4712 /* ImageLink.swift in Sources */ = {isa = PBXBuildFile; fileRef = C72A5787278523BC00CC4712 /* ImageLink.swift */; };
		C72A578A278523CB00CC4712 /* VideoLink.swift in Sources */ = {isa = PBXBuildFile; fileRef = C72A5789278523CB00CC4712 /* VideoLink.swift */; };
		C72A578C278523EC00CC4712 /* AttachmentsArray.swift in Sources */ = {isa = PBXBuildFile; fileRef = C72A578B278523EC00CC4712 /* AttachmentsArray.swift */; };
		C72A578F2785246400CC4712 /* Hashtag.swift in Sources */ = {isa = PBXBuildFile; fileRef = C72A578E2785246400CC4712 /* Hashtag.swift */; };
		C72A57912785246A00CC4712 /* Mention.swift in Sources */ = {isa = PBXBuildFile; fileRef = C72A57902785246A00CC4712 /* Mention.swift */; };
		C72A57932785248900CC4712 /* TagsArray.swift in Sources */ = {isa = PBXBuildFile; fileRef = C72A57922785248900CC4712 /* TagsArray.swift */; };
/* End PBXBuildFile section */

/* Begin PBXContainerItemProxy section */
		C72A5730277D1E3100CC4712 /* PBXContainerItemProxy */ = {
			isa = PBXContainerItemProxy;
			containerPortal = C72A5711277D1E2E00CC4712 /* Project object */;
			proxyType = 1;
			remoteGlobalIDString = C72A5718277D1E2E00CC4712;
			remoteInfo = ActivityContentSDK;
		};
		C72A573A277D1E3100CC4712 /* PBXContainerItemProxy */ = {
			isa = PBXContainerItemProxy;
			containerPortal = C72A5711277D1E2E00CC4712 /* Project object */;
			proxyType = 1;
			remoteGlobalIDString = C72A5718277D1E2E00CC4712;
			remoteInfo = ActivityContentSDK;
		};
/* End PBXContainerItemProxy section */

/* Begin PBXFileReference section */
		C72A5719277D1E2E00CC4712 /* ActivityContentSDK.app */ = {isa = PBXFileReference; explicitFileType = wrapper.application; includeInIndex = 0; path = ActivityContentSDK.app; sourceTree = BUILT_PRODUCTS_DIR; };
		C72A571C277D1E2E00CC4712 /* AppDelegate.swift */ = {isa = PBXFileReference; lastKnownFileType = sourcecode.swift; path = AppDelegate.swift; sourceTree = "<group>"; };
		C72A571E277D1E2E00CC4712 /* SceneDelegate.swift */ = {isa = PBXFileReference; lastKnownFileType = sourcecode.swift; path = SceneDelegate.swift; sourceTree = "<group>"; };
		C72A5720277D1E2E00CC4712 /* ViewController.swift */ = {isa = PBXFileReference; lastKnownFileType = sourcecode.swift; path = ViewController.swift; sourceTree = "<group>"; };
		C72A5723277D1E2E00CC4712 /* Base */ = {isa = PBXFileReference; lastKnownFileType = file.storyboard; name = Base; path = Base.lproj/Main.storyboard; sourceTree = "<group>"; };
		C72A5725277D1E3000CC4712 /* Assets.xcassets */ = {isa = PBXFileReference; lastKnownFileType = folder.assetcatalog; path = Assets.xcassets; sourceTree = "<group>"; };
		C72A5728277D1E3100CC4712 /* Base */ = {isa = PBXFileReference; lastKnownFileType = file.storyboard; name = Base; path = Base.lproj/LaunchScreen.storyboard; sourceTree = "<group>"; };
		C72A572A277D1E3100CC4712 /* Info.plist */ = {isa = PBXFileReference; lastKnownFileType = text.plist.xml; path = Info.plist; sourceTree = "<group>"; };
		C72A572F277D1E3100CC4712 /* ActivityContentSDKTests.xctest */ = {isa = PBXFileReference; explicitFileType = wrapper.cfbundle; includeInIndex = 0; path = ActivityContentSDKTests.xctest; sourceTree = BUILT_PRODUCTS_DIR; };
		C72A5739277D1E3100CC4712 /* ActivityContentSDKUITests.xctest */ = {isa = PBXFileReference; explicitFileType = wrapper.cfbundle; includeInIndex = 0; path = ActivityContentSDKUITests.xctest; sourceTree = BUILT_PRODUCTS_DIR; };
		C72A573D277D1E3100CC4712 /* ActivityContentSDKUITests.swift */ = {isa = PBXFileReference; lastKnownFileType = sourcecode.swift; path = ActivityContentSDKUITests.swift; sourceTree = "<group>"; };
		C72A573F277D1E3100CC4712 /* ActivityContentSDKUITestsLaunchTests.swift */ = {isa = PBXFileReference; lastKnownFileType = sourcecode.swift; path = ActivityContentSDKUITestsLaunchTests.swift; sourceTree = "<group>"; };
		C72A574E277D1E7700CC4712 /* HashUtil.swift */ = {isa = PBXFileReference; fileEncoding = 4; lastKnownFileType = sourcecode.swift; path = HashUtil.swift; sourceTree = "<group>"; };
		C72A574F277D1E7700CC4712 /* VerificationUtil.swift */ = {isa = PBXFileReference; fileEncoding = 4; lastKnownFileType = sourcecode.swift; path = VerificationUtil.swift; sourceTree = "<group>"; };
		C72A5750277D1E7700CC4712 /* Types.swift */ = {isa = PBXFileReference; fileEncoding = 4; lastKnownFileType = sourcecode.swift; path = Types.swift; sourceTree = "<group>"; };
		C72A5752277D1E7700CC4712 /* Location.swift */ = {isa = PBXFileReference; fileEncoding = 4; lastKnownFileType = sourcecode.swift; path = Location.swift; sourceTree = "<group>"; };
		C72A5753277D1E7700CC4712 /* Hash.swift */ = {isa = PBXFileReference; fileEncoding = 4; lastKnownFileType = sourcecode.swift; path = Hash.swift; sourceTree = "<group>"; };
		C72A5754277D1E7700CC4712 /* BaseAttachment.swift */ = {isa = PBXFileReference; fileEncoding = 4; lastKnownFileType = sourcecode.swift; path = BaseAttachment.swift; sourceTree = "<group>"; };
		C72A5755277D1E7700CC4712 /* Profile.swift */ = {isa = PBXFileReference; fileEncoding = 4; lastKnownFileType = sourcecode.swift; path = Profile.swift; sourceTree = "<group>"; };
		C72A5756277D1E7700CC4712 /* Note.swift */ = {isa = PBXFileReference; fileEncoding = 4; lastKnownFileType = sourcecode.swift; path = Note.swift; sourceTree = "<group>"; };
		C72A5757277D1E7700CC4712 /* BaseTag.swift */ = {isa = PBXFileReference; fileEncoding = 4; lastKnownFileType = sourcecode.swift; path = BaseTag.swift; sourceTree = "<group>"; };
		C72A5758277D1E7700CC4712 /* ActivityContentFactory.swift */ = {isa = PBXFileReference; fileEncoding = 4; lastKnownFileType = sourcecode.swift; path = ActivityContentFactory.swift; sourceTree = "<group>"; };
		C72A5763277D1EB200CC4712 /* ActivityContentSDKTests.swift */ = {isa = PBXFileReference; fileEncoding = 4; lastKnownFileType = sourcecode.swift; path = ActivityContentSDKTests.swift; sourceTree = "<group>"; };
		C72A5764277D1EB200CC4712 /* ValidationUtilTests.swift */ = {isa = PBXFileReference; fileEncoding = 4; lastKnownFileType = sourcecode.swift; path = ValidationUtilTests.swift; sourceTree = "<group>"; };
		C72A576A2783A73000CC4712 /* NoteTests.swift */ = {isa = PBXFileReference; lastKnownFileType = sourcecode.swift; path = NoteTests.swift; sourceTree = "<group>"; };
		C72A576C2783AC2C00CC4712 /* TestUtil.swift */ = {isa = PBXFileReference; lastKnownFileType = sourcecode.swift; path = TestUtil.swift; sourceTree = "<group>"; };
		C72A576E2783AD2700CC4712 /* HashTests.swift */ = {isa = PBXFileReference; lastKnownFileType = sourcecode.swift; path = HashTests.swift; sourceTree = "<group>"; };
		C72A57702783ADB800CC4712 /* HashUtilTests.swift */ = {isa = PBXFileReference; lastKnownFileType = sourcecode.swift; path = HashUtilTests.swift; sourceTree = "<group>"; };
		C72A57762783AEF800CC4712 /* AttachmentTests.swift */ = {isa = PBXFileReference; lastKnownFileType = sourcecode.swift; path = AttachmentTests.swift; sourceTree = "<group>"; };
		C72A57782783E4AE00CC4712 /* TagTests.swift */ = {isa = PBXFileReference; lastKnownFileType = sourcecode.swift; path = TagTests.swift; sourceTree = "<group>"; };
		C72A577B2785230100CC4712 /* AudioAttachment.swift */ = {isa = PBXFileReference; lastKnownFileType = sourcecode.swift; path = AudioAttachment.swift; sourceTree = "<group>"; };
		C72A577D2785231800CC4712 /* ImageAttachment.swift */ = {isa = PBXFileReference; lastKnownFileType = sourcecode.swift; path = ImageAttachment.swift; sourceTree = "<group>"; };
		C72A577F2785231F00CC4712 /* VideoAttachment.swift */ = {isa = PBXFileReference; lastKnownFileType = sourcecode.swift; path = VideoAttachment.swift; sourceTree = "<group>"; };
		C72A57812785232B00CC4712 /* LinkAttachment.swift */ = {isa = PBXFileReference; lastKnownFileType = sourcecode.swift; path = LinkAttachment.swift; sourceTree = "<group>"; };
		C72A57832785236F00CC4712 /* BaseLink.swift */ = {isa = PBXFileReference; lastKnownFileType = sourcecode.swift; path = BaseLink.swift; sourceTree = "<group>"; };
		C72A5785278523AF00CC4712 /* AudioLink.swift */ = {isa = PBXFileReference; lastKnownFileType = sourcecode.swift; path = AudioLink.swift; sourceTree = "<group>"; };
		C72A5787278523BC00CC4712 /* ImageLink.swift */ = {isa = PBXFileReference; lastKnownFileType = sourcecode.swift; path = ImageLink.swift; sourceTree = "<group>"; };
		C72A5789278523CB00CC4712 /* VideoLink.swift */ = {isa = PBXFileReference; lastKnownFileType = sourcecode.swift; path = VideoLink.swift; sourceTree = "<group>"; };
		C72A578B278523EC00CC4712 /* AttachmentsArray.swift */ = {isa = PBXFileReference; lastKnownFileType = sourcecode.swift; path = AttachmentsArray.swift; sourceTree = "<group>"; };
		C72A578E2785246400CC4712 /* Hashtag.swift */ = {isa = PBXFileReference; lastKnownFileType = sourcecode.swift; path = Hashtag.swift; sourceTree = "<group>"; };
		C72A57902785246A00CC4712 /* Mention.swift */ = {isa = PBXFileReference; lastKnownFileType = sourcecode.swift; path = Mention.swift; sourceTree = "<group>"; };
		C72A57922785248900CC4712 /* TagsArray.swift */ = {isa = PBXFileReference; lastKnownFileType = sourcecode.swift; path = TagsArray.swift; sourceTree = "<group>"; };
/* End PBXFileReference section */

/* Begin PBXFrameworksBuildPhase section */
		C72A5716277D1E2E00CC4712 /* Frameworks */ = {
			isa = PBXFrameworksBuildPhase;
			buildActionMask = 2147483647;
			files = (
				C72A5769277D1EDA00CC4712 /* SwiftKeccak in Frameworks */,
			);
			runOnlyForDeploymentPostprocessing = 0;
		};
		C72A572C277D1E3100CC4712 /* Frameworks */ = {
			isa = PBXFrameworksBuildPhase;
			buildActionMask = 2147483647;
			files = (
			);
			runOnlyForDeploymentPostprocessing = 0;
		};
		C72A5736277D1E3100CC4712 /* Frameworks */ = {
			isa = PBXFrameworksBuildPhase;
			buildActionMask = 2147483647;
			files = (
			);
			runOnlyForDeploymentPostprocessing = 0;
		};
/* End PBXFrameworksBuildPhase section */

/* Begin PBXGroup section */
		C72A5710277D1E2E00CC4712 = {
			isa = PBXGroup;
			children = (
				C72A571B277D1E2E00CC4712 /* ActivityContentSDK */,
				C72A5732277D1E3100CC4712 /* ActivityContentSDKTests */,
				C72A573C277D1E3100CC4712 /* ActivityContentSDKUITests */,
				C72A571A277D1E2E00CC4712 /* Products */,
			);
			sourceTree = "<group>";
		};
		C72A571A277D1E2E00CC4712 /* Products */ = {
			isa = PBXGroup;
			children = (
				C72A5719277D1E2E00CC4712 /* ActivityContentSDK.app */,
				C72A572F277D1E3100CC4712 /* ActivityContentSDKTests.xctest */,
				C72A5739277D1E3100CC4712 /* ActivityContentSDKUITests.xctest */,
			);
			name = Products;
			sourceTree = "<group>";
		};
		C72A571B277D1E2E00CC4712 /* ActivityContentSDK */ = {
			isa = PBXGroup;
			children = (
				C72A574C277D1E7700CC4712 /* Source */,
				C72A571C277D1E2E00CC4712 /* AppDelegate.swift */,
				C72A571E277D1E2E00CC4712 /* SceneDelegate.swift */,
				C72A5720277D1E2E00CC4712 /* ViewController.swift */,
				C72A5722277D1E2E00CC4712 /* Main.storyboard */,
				C72A5725277D1E3000CC4712 /* Assets.xcassets */,
				C72A5727277D1E3100CC4712 /* LaunchScreen.storyboard */,
				C72A572A277D1E3100CC4712 /* Info.plist */,
			);
			path = ActivityContentSDK;
			sourceTree = "<group>";
		};
		C72A5732277D1E3100CC4712 /* ActivityContentSDKTests */ = {
			isa = PBXGroup;
			children = (
				C72A57722783AE0E00CC4712 /* Source */,
				C72A57752783AE4700CC4712 /* Util */,
			);
			path = ActivityContentSDKTests;
			sourceTree = "<group>";
		};
		C72A573C277D1E3100CC4712 /* ActivityContentSDKUITests */ = {
			isa = PBXGroup;
			children = (
				C72A573D277D1E3100CC4712 /* ActivityContentSDKUITests.swift */,
				C72A573F277D1E3100CC4712 /* ActivityContentSDKUITestsLaunchTests.swift */,
			);
			path = ActivityContentSDKUITests;
			sourceTree = "<group>";
		};
		C72A574C277D1E7700CC4712 /* Source */ = {
			isa = PBXGroup;
			children = (
				C72A5758277D1E7700CC4712 /* ActivityContentFactory.swift */,
				C72A5751277D1E7700CC4712 /* Models */,
				C72A574D277D1E7700CC4712 /* Util */,
			);
			path = Source;
			sourceTree = "<group>";
		};
		C72A574D277D1E7700CC4712 /* Util */ = {
			isa = PBXGroup;
			children = (
				C72A574E277D1E7700CC4712 /* HashUtil.swift */,
				C72A5750277D1E7700CC4712 /* Types.swift */,
				C72A574F277D1E7700CC4712 /* VerificationUtil.swift */,
			);
			path = Util;
			sourceTree = "<group>";
		};
		C72A5751277D1E7700CC4712 /* Models */ = {
			isa = PBXGroup;
			children = (
				C72A577A278522F000CC4712 /* Attachments */,
				C72A5753277D1E7700CC4712 /* Hash.swift */,
				C72A5752277D1E7700CC4712 /* Location.swift */,
				C72A5756277D1E7700CC4712 /* Note.swift */,
				C72A5755277D1E7700CC4712 /* Profile.swift */,
				C72A578D2785240600CC4712 /* Tags */,
			);
			path = Models;
			sourceTree = "<group>";
		};
		C72A57722783AE0E00CC4712 /* Source */ = {
			isa = PBXGroup;
			children = (
				C72A5763277D1EB200CC4712 /* ActivityContentSDKTests.swift */,
				C72A57732783AE1500CC4712 /* Models */,
				C72A57742783AE1C00CC4712 /* Util */,
			);
			path = Source;
			sourceTree = "<group>";
		};
		C72A57732783AE1500CC4712 /* Models */ = {
			isa = PBXGroup;
			children = (
				C72A57762783AEF800CC4712 /* AttachmentTests.swift */,
				C72A576E2783AD2700CC4712 /* HashTests.swift */,
				C72A576A2783A73000CC4712 /* NoteTests.swift */,
				C72A57782783E4AE00CC4712 /* TagTests.swift */,
			);
			path = Models;
			sourceTree = "<group>";
		};
		C72A57742783AE1C00CC4712 /* Util */ = {
			isa = PBXGroup;
			children = (
				C72A57702783ADB800CC4712 /* HashUtilTests.swift */,
				C72A5764277D1EB200CC4712 /* ValidationUtilTests.swift */,
			);
			path = Util;
			sourceTree = "<group>";
		};
		C72A57752783AE4700CC4712 /* Util */ = {
			isa = PBXGroup;
			children = (
				C72A576C2783AC2C00CC4712 /* TestUtil.swift */,
			);
			path = Util;
			sourceTree = "<group>";
		};
		C72A577A278522F000CC4712 /* Attachments */ = {
			isa = PBXGroup;
			children = (
				C72A578B278523EC00CC4712 /* AttachmentsArray.swift */,
				C72A577B2785230100CC4712 /* AudioAttachment.swift */,
				C72A5785278523AF00CC4712 /* AudioLink.swift */,
				C72A5754277D1E7700CC4712 /* BaseAttachment.swift */,
				C72A57832785236F00CC4712 /* BaseLink.swift */,
				C72A577D2785231800CC4712 /* ImageAttachment.swift */,
				C72A5787278523BC00CC4712 /* ImageLink.swift */,
				C72A57812785232B00CC4712 /* LinkAttachment.swift */,
				C72A577F2785231F00CC4712 /* VideoAttachment.swift */,
				C72A5789278523CB00CC4712 /* VideoLink.swift */,
			);
			path = Attachments;
			sourceTree = "<group>";
		};
		C72A578D2785240600CC4712 /* Tags */ = {
			isa = PBXGroup;
			children = (
				C72A5757277D1E7700CC4712 /* BaseTag.swift */,
				C72A578E2785246400CC4712 /* Hashtag.swift */,
				C72A57902785246A00CC4712 /* Mention.swift */,
				C72A57922785248900CC4712 /* TagsArray.swift */,
			);
			path = Tags;
			sourceTree = "<group>";
		};
/* End PBXGroup section */

/* Begin PBXNativeTarget section */
		C72A5718277D1E2E00CC4712 /* ActivityContentSDK */ = {
			isa = PBXNativeTarget;
			buildConfigurationList = C72A5743277D1E3100CC4712 /* Build configuration list for PBXNativeTarget "ActivityContentSDK" */;
			buildPhases = (
				C72A5715277D1E2E00CC4712 /* Sources */,
				C72A5716277D1E2E00CC4712 /* Frameworks */,
				C72A5717277D1E2E00CC4712 /* Resources */,
			);
			buildRules = (
			);
			dependencies = (
			);
			name = ActivityContentSDK;
			packageProductDependencies = (
				C72A5768277D1EDA00CC4712 /* SwiftKeccak */,
			);
			productName = ActivityContentSDK;
			productReference = C72A5719277D1E2E00CC4712 /* ActivityContentSDK.app */;
			productType = "com.apple.product-type.application";
		};
		C72A572E277D1E3100CC4712 /* ActivityContentSDKTests */ = {
			isa = PBXNativeTarget;
			buildConfigurationList = C72A5746277D1E3100CC4712 /* Build configuration list for PBXNativeTarget "ActivityContentSDKTests" */;
			buildPhases = (
				C72A572B277D1E3100CC4712 /* Sources */,
				C72A572C277D1E3100CC4712 /* Frameworks */,
				C72A572D277D1E3100CC4712 /* Resources */,
			);
			buildRules = (
			);
			dependencies = (
				C72A5731277D1E3100CC4712 /* PBXTargetDependency */,
			);
			name = ActivityContentSDKTests;
			productName = ActivityContentSDKTests;
			productReference = C72A572F277D1E3100CC4712 /* ActivityContentSDKTests.xctest */;
			productType = "com.apple.product-type.bundle.unit-test";
		};
		C72A5738277D1E3100CC4712 /* ActivityContentSDKUITests */ = {
			isa = PBXNativeTarget;
			buildConfigurationList = C72A5749277D1E3100CC4712 /* Build configuration list for PBXNativeTarget "ActivityContentSDKUITests" */;
			buildPhases = (
				C72A5735277D1E3100CC4712 /* Sources */,
				C72A5736277D1E3100CC4712 /* Frameworks */,
				C72A5737277D1E3100CC4712 /* Resources */,
			);
			buildRules = (
			);
			dependencies = (
				C72A573B277D1E3100CC4712 /* PBXTargetDependency */,
			);
			name = ActivityContentSDKUITests;
			productName = ActivityContentSDKUITests;
			productReference = C72A5739277D1E3100CC4712 /* ActivityContentSDKUITests.xctest */;
			productType = "com.apple.product-type.bundle.ui-testing";
		};
/* End PBXNativeTarget section */

/* Begin PBXProject section */
		C72A5711277D1E2E00CC4712 /* Project object */ = {
			isa = PBXProject;
			attributes = {
				BuildIndependentTargetsInParallel = 1;
				LastSwiftUpdateCheck = 1310;
				LastUpgradeCheck = 1310;
				TargetAttributes = {
					C72A5718277D1E2E00CC4712 = {
						CreatedOnToolsVersion = 13.1;
					};
					C72A572E277D1E3100CC4712 = {
						CreatedOnToolsVersion = 13.1;
						LastSwiftMigration = 1310;
						TestTargetID = C72A5718277D1E2E00CC4712;
					};
					C72A5738277D1E3100CC4712 = {
						CreatedOnToolsVersion = 13.1;
						TestTargetID = C72A5718277D1E2E00CC4712;
					};
				};
			};
			buildConfigurationList = C72A5714277D1E2E00CC4712 /* Build configuration list for PBXProject "ActivityContentSDK" */;
			compatibilityVersion = "Xcode 13.0";
			developmentRegion = en;
			hasScannedForEncodings = 0;
			knownRegions = (
				en,
				Base,
			);
			mainGroup = C72A5710277D1E2E00CC4712;
			packageReferences = (
				C72A5767277D1EDA00CC4712 /* XCRemoteSwiftPackageReference "SwiftKeccak" */,
			);
			productRefGroup = C72A571A277D1E2E00CC4712 /* Products */;
			projectDirPath = "";
			projectRoot = "";
			targets = (
				C72A5718277D1E2E00CC4712 /* ActivityContentSDK */,
				C72A572E277D1E3100CC4712 /* ActivityContentSDKTests */,
				C72A5738277D1E3100CC4712 /* ActivityContentSDKUITests */,
			);
		};
/* End PBXProject section */

/* Begin PBXResourcesBuildPhase section */
		C72A5717277D1E2E00CC4712 /* Resources */ = {
			isa = PBXResourcesBuildPhase;
			buildActionMask = 2147483647;
			files = (
				C72A5729277D1E3100CC4712 /* LaunchScreen.storyboard in Resources */,
				C72A5726277D1E3100CC4712 /* Assets.xcassets in Resources */,
				C72A5724277D1E2E00CC4712 /* Main.storyboard in Resources */,
			);
			runOnlyForDeploymentPostprocessing = 0;
		};
		C72A572D277D1E3100CC4712 /* Resources */ = {
			isa = PBXResourcesBuildPhase;
			buildActionMask = 2147483647;
			files = (
			);
			runOnlyForDeploymentPostprocessing = 0;
		};
		C72A5737277D1E3100CC4712 /* Resources */ = {
			isa = PBXResourcesBuildPhase;
			buildActionMask = 2147483647;
			files = (
			);
			runOnlyForDeploymentPostprocessing = 0;
		};
/* End PBXResourcesBuildPhase section */

/* Begin PBXSourcesBuildPhase section */
		C72A5715277D1E2E00CC4712 /* Sources */ = {
			isa = PBXSourcesBuildPhase;
			buildActionMask = 2147483647;
			files = (
				C72A57822785232B00CC4712 /* LinkAttachment.swift in Sources */,
				C72A57802785231F00CC4712 /* VideoAttachment.swift in Sources */,
				C72A57932785248900CC4712 /* TagsArray.swift in Sources */,
				C72A578C278523EC00CC4712 /* AttachmentsArray.swift in Sources */,
				C72A5761277D1E7700CC4712 /* BaseTag.swift in Sources */,
				C72A5721277D1E2E00CC4712 /* ViewController.swift in Sources */,
				C72A575F277D1E7700CC4712 /* Profile.swift in Sources */,
				C72A575E277D1E7700CC4712 /* BaseAttachment.swift in Sources */,
				C72A578A278523CB00CC4712 /* VideoLink.swift in Sources */,
				C72A575D277D1E7700CC4712 /* Hash.swift in Sources */,
				C72A577C2785230100CC4712 /* AudioAttachment.swift in Sources */,
				C72A57912785246A00CC4712 /* Mention.swift in Sources */,
				C72A5786278523AF00CC4712 /* AudioLink.swift in Sources */,
				C72A57842785236F00CC4712 /* BaseLink.swift in Sources */,
				C72A5762277D1E7700CC4712 /* ActivityContentFactory.swift in Sources */,
				C72A571D277D1E2E00CC4712 /* AppDelegate.swift in Sources */,
				C72A578F2785246400CC4712 /* Hashtag.swift in Sources */,
				C72A575A277D1E7700CC4712 /* VerificationUtil.swift in Sources */,
				C72A575B277D1E7700CC4712 /* Types.swift in Sources */,
				C72A5760277D1E7700CC4712 /* Note.swift in Sources */,
				C72A5788278523BC00CC4712 /* ImageLink.swift in Sources */,
				C72A571F277D1E2E00CC4712 /* SceneDelegate.swift in Sources */,
				C72A577E2785231800CC4712 /* ImageAttachment.swift in Sources */,
				C72A5759277D1E7700CC4712 /* HashUtil.swift in Sources */,
				C72A575C277D1E7700CC4712 /* Location.swift in Sources */,
			);
			runOnlyForDeploymentPostprocessing = 0;
		};
		C72A572B277D1E3100CC4712 /* Sources */ = {
			isa = PBXSourcesBuildPhase;
			buildActionMask = 2147483647;
			files = (
				C72A57792783E4AE00CC4712 /* TagTests.swift in Sources */,
				C72A576B2783A73000CC4712 /* NoteTests.swift in Sources */,
				C72A5766277D1EB200CC4712 /* ValidationUtilTests.swift in Sources */,
				C72A5765277D1EB200CC4712 /* ActivityContentSDKTests.swift in Sources */,
				C72A57772783AEF800CC4712 /* AttachmentTests.swift in Sources */,
				C72A57712783ADB800CC4712 /* HashUtilTests.swift in Sources */,
				C72A576D2783AC2C00CC4712 /* TestUtil.swift in Sources */,
				C72A576F2783AD2700CC4712 /* HashTests.swift in Sources */,
			);
			runOnlyForDeploymentPostprocessing = 0;
		};
		C72A5735277D1E3100CC4712 /* Sources */ = {
			isa = PBXSourcesBuildPhase;
			buildActionMask = 2147483647;
			files = (
				C72A5740277D1E3100CC4712 /* ActivityContentSDKUITestsLaunchTests.swift in Sources */,
				C72A573E277D1E3100CC4712 /* ActivityContentSDKUITests.swift in Sources */,
			);
			runOnlyForDeploymentPostprocessing = 0;
		};
/* End PBXSourcesBuildPhase section */

/* Begin PBXTargetDependency section */
		C72A5731277D1E3100CC4712 /* PBXTargetDependency */ = {
			isa = PBXTargetDependency;
			target = C72A5718277D1E2E00CC4712 /* ActivityContentSDK */;
			targetProxy = C72A5730277D1E3100CC4712 /* PBXContainerItemProxy */;
		};
		C72A573B277D1E3100CC4712 /* PBXTargetDependency */ = {
			isa = PBXTargetDependency;
			target = C72A5718277D1E2E00CC4712 /* ActivityContentSDK */;
			targetProxy = C72A573A277D1E3100CC4712 /* PBXContainerItemProxy */;
		};
/* End PBXTargetDependency section */

/* Begin PBXVariantGroup section */
		C72A5722277D1E2E00CC4712 /* Main.storyboard */ = {
			isa = PBXVariantGroup;
			children = (
				C72A5723277D1E2E00CC4712 /* Base */,
			);
			name = Main.storyboard;
			sourceTree = "<group>";
		};
		C72A5727277D1E3100CC4712 /* LaunchScreen.storyboard */ = {
			isa = PBXVariantGroup;
			children = (
				C72A5728277D1E3100CC4712 /* Base */,
			);
			name = LaunchScreen.storyboard;
			sourceTree = "<group>";
		};
/* End PBXVariantGroup section */

/* Begin XCBuildConfiguration section */
		C72A5741277D1E3100CC4712 /* Debug */ = {
			isa = XCBuildConfiguration;
			buildSettings = {
				ALWAYS_SEARCH_USER_PATHS = NO;
				CLANG_ANALYZER_NONNULL = YES;
				CLANG_ANALYZER_NUMBER_OBJECT_CONVERSION = YES_AGGRESSIVE;
				CLANG_CXX_LANGUAGE_STANDARD = "gnu++17";
				CLANG_CXX_LIBRARY = "libc++";
				CLANG_ENABLE_MODULES = YES;
				CLANG_ENABLE_OBJC_ARC = YES;
				CLANG_ENABLE_OBJC_WEAK = YES;
				CLANG_WARN_BLOCK_CAPTURE_AUTORELEASING = YES;
				CLANG_WARN_BOOL_CONVERSION = YES;
				CLANG_WARN_COMMA = YES;
				CLANG_WARN_CONSTANT_CONVERSION = YES;
				CLANG_WARN_DEPRECATED_OBJC_IMPLEMENTATIONS = YES;
				CLANG_WARN_DIRECT_OBJC_ISA_USAGE = YES_ERROR;
				CLANG_WARN_DOCUMENTATION_COMMENTS = YES;
				CLANG_WARN_EMPTY_BODY = YES;
				CLANG_WARN_ENUM_CONVERSION = YES;
				CLANG_WARN_INFINITE_RECURSION = YES;
				CLANG_WARN_INT_CONVERSION = YES;
				CLANG_WARN_NON_LITERAL_NULL_CONVERSION = YES;
				CLANG_WARN_OBJC_IMPLICIT_RETAIN_SELF = YES;
				CLANG_WARN_OBJC_LITERAL_CONVERSION = YES;
				CLANG_WARN_OBJC_ROOT_CLASS = YES_ERROR;
				CLANG_WARN_QUOTED_INCLUDE_IN_FRAMEWORK_HEADER = YES;
				CLANG_WARN_RANGE_LOOP_ANALYSIS = YES;
				CLANG_WARN_STRICT_PROTOTYPES = YES;
				CLANG_WARN_SUSPICIOUS_MOVE = YES;
				CLANG_WARN_UNGUARDED_AVAILABILITY = YES_AGGRESSIVE;
				CLANG_WARN_UNREACHABLE_CODE = YES;
				CLANG_WARN__DUPLICATE_METHOD_MATCH = YES;
				COPY_PHASE_STRIP = NO;
				DEBUG_INFORMATION_FORMAT = dwarf;
				ENABLE_STRICT_OBJC_MSGSEND = YES;
				ENABLE_TESTABILITY = YES;
				GCC_C_LANGUAGE_STANDARD = gnu11;
				GCC_DYNAMIC_NO_PIC = NO;
				GCC_NO_COMMON_BLOCKS = YES;
				GCC_OPTIMIZATION_LEVEL = 0;
				GCC_PREPROCESSOR_DEFINITIONS = (
					"DEBUG=1",
					"$(inherited)",
				);
				GCC_WARN_64_TO_32_BIT_CONVERSION = YES;
				GCC_WARN_ABOUT_RETURN_TYPE = YES_ERROR;
				GCC_WARN_UNDECLARED_SELECTOR = YES;
				GCC_WARN_UNINITIALIZED_AUTOS = YES_AGGRESSIVE;
				GCC_WARN_UNUSED_FUNCTION = YES;
				GCC_WARN_UNUSED_VARIABLE = YES;
				IPHONEOS_DEPLOYMENT_TARGET = 15.0;
				MTL_ENABLE_DEBUG_INFO = INCLUDE_SOURCE;
				MTL_FAST_MATH = YES;
				ONLY_ACTIVE_ARCH = YES;
				SDKROOT = iphoneos;
				SWIFT_ACTIVE_COMPILATION_CONDITIONS = DEBUG;
				SWIFT_OPTIMIZATION_LEVEL = "-Onone";
			};
			name = Debug;
		};
		C72A5742277D1E3100CC4712 /* Release */ = {
			isa = XCBuildConfiguration;
			buildSettings = {
				ALWAYS_SEARCH_USER_PATHS = NO;
				CLANG_ANALYZER_NONNULL = YES;
				CLANG_ANALYZER_NUMBER_OBJECT_CONVERSION = YES_AGGRESSIVE;
				CLANG_CXX_LANGUAGE_STANDARD = "gnu++17";
				CLANG_CXX_LIBRARY = "libc++";
				CLANG_ENABLE_MODULES = YES;
				CLANG_ENABLE_OBJC_ARC = YES;
				CLANG_ENABLE_OBJC_WEAK = YES;
				CLANG_WARN_BLOCK_CAPTURE_AUTORELEASING = YES;
				CLANG_WARN_BOOL_CONVERSION = YES;
				CLANG_WARN_COMMA = YES;
				CLANG_WARN_CONSTANT_CONVERSION = YES;
				CLANG_WARN_DEPRECATED_OBJC_IMPLEMENTATIONS = YES;
				CLANG_WARN_DIRECT_OBJC_ISA_USAGE = YES_ERROR;
				CLANG_WARN_DOCUMENTATION_COMMENTS = YES;
				CLANG_WARN_EMPTY_BODY = YES;
				CLANG_WARN_ENUM_CONVERSION = YES;
				CLANG_WARN_INFINITE_RECURSION = YES;
				CLANG_WARN_INT_CONVERSION = YES;
				CLANG_WARN_NON_LITERAL_NULL_CONVERSION = YES;
				CLANG_WARN_OBJC_IMPLICIT_RETAIN_SELF = YES;
				CLANG_WARN_OBJC_LITERAL_CONVERSION = YES;
				CLANG_WARN_OBJC_ROOT_CLASS = YES_ERROR;
				CLANG_WARN_QUOTED_INCLUDE_IN_FRAMEWORK_HEADER = YES;
				CLANG_WARN_RANGE_LOOP_ANALYSIS = YES;
				CLANG_WARN_STRICT_PROTOTYPES = YES;
				CLANG_WARN_SUSPICIOUS_MOVE = YES;
				CLANG_WARN_UNGUARDED_AVAILABILITY = YES_AGGRESSIVE;
				CLANG_WARN_UNREACHABLE_CODE = YES;
				CLANG_WARN__DUPLICATE_METHOD_MATCH = YES;
				COPY_PHASE_STRIP = NO;
				DEBUG_INFORMATION_FORMAT = "dwarf-with-dsym";
				ENABLE_NS_ASSERTIONS = NO;
				ENABLE_STRICT_OBJC_MSGSEND = YES;
				GCC_C_LANGUAGE_STANDARD = gnu11;
				GCC_NO_COMMON_BLOCKS = YES;
				GCC_WARN_64_TO_32_BIT_CONVERSION = YES;
				GCC_WARN_ABOUT_RETURN_TYPE = YES_ERROR;
				GCC_WARN_UNDECLARED_SELECTOR = YES;
				GCC_WARN_UNINITIALIZED_AUTOS = YES_AGGRESSIVE;
				GCC_WARN_UNUSED_FUNCTION = YES;
				GCC_WARN_UNUSED_VARIABLE = YES;
				IPHONEOS_DEPLOYMENT_TARGET = 15.0;
				MTL_ENABLE_DEBUG_INFO = NO;
				MTL_FAST_MATH = YES;
				SDKROOT = iphoneos;
				SWIFT_COMPILATION_MODE = wholemodule;
				SWIFT_OPTIMIZATION_LEVEL = "-O";
				VALIDATE_PRODUCT = YES;
			};
			name = Release;
		};
		C72A5744277D1E3100CC4712 /* Debug */ = {
			isa = XCBuildConfiguration;
			buildSettings = {
				ASSETCATALOG_COMPILER_APPICON_NAME = AppIcon;
				ASSETCATALOG_COMPILER_GLOBAL_ACCENT_COLOR_NAME = AccentColor;
				CODE_SIGN_STYLE = Automatic;
				CURRENT_PROJECT_VERSION = 1;
				DEVELOPMENT_TEAM = U95Q67332B;
				GENERATE_INFOPLIST_FILE = YES;
				INFOPLIST_FILE = ActivityContentSDK/Info.plist;
				INFOPLIST_KEY_UIApplicationSupportsIndirectInputEvents = YES;
				INFOPLIST_KEY_UILaunchStoryboardName = LaunchScreen;
				INFOPLIST_KEY_UIMainStoryboardFile = Main;
				INFOPLIST_KEY_UISupportedInterfaceOrientations_iPad = "UIInterfaceOrientationPortrait UIInterfaceOrientationPortraitUpsideDown UIInterfaceOrientationLandscapeLeft UIInterfaceOrientationLandscapeRight";
				INFOPLIST_KEY_UISupportedInterfaceOrientations_iPhone = "UIInterfaceOrientationPortrait UIInterfaceOrientationLandscapeLeft UIInterfaceOrientationLandscapeRight";
				LD_RUNPATH_SEARCH_PATHS = (
					"$(inherited)",
					"@executable_path/Frameworks",
				);
				MARKETING_VERSION = 1.0;
				PRODUCT_BUNDLE_IDENTIFIER = com.unfinished.us.ActivityContentSDK;
				PRODUCT_NAME = "$(TARGET_NAME)";
				SWIFT_EMIT_LOC_STRINGS = YES;
				SWIFT_VERSION = 5.0;
				TARGETED_DEVICE_FAMILY = "1,2";
			};
			name = Debug;
		};
		C72A5745277D1E3100CC4712 /* Release */ = {
			isa = XCBuildConfiguration;
			buildSettings = {
				ASSETCATALOG_COMPILER_APPICON_NAME = AppIcon;
				ASSETCATALOG_COMPILER_GLOBAL_ACCENT_COLOR_NAME = AccentColor;
				CODE_SIGN_STYLE = Automatic;
				CURRENT_PROJECT_VERSION = 1;
				DEVELOPMENT_TEAM = U95Q67332B;
				GENERATE_INFOPLIST_FILE = YES;
				INFOPLIST_FILE = ActivityContentSDK/Info.plist;
				INFOPLIST_KEY_UIApplicationSupportsIndirectInputEvents = YES;
				INFOPLIST_KEY_UILaunchStoryboardName = LaunchScreen;
				INFOPLIST_KEY_UIMainStoryboardFile = Main;
				INFOPLIST_KEY_UISupportedInterfaceOrientations_iPad = "UIInterfaceOrientationPortrait UIInterfaceOrientationPortraitUpsideDown UIInterfaceOrientationLandscapeLeft UIInterfaceOrientationLandscapeRight";
				INFOPLIST_KEY_UISupportedInterfaceOrientations_iPhone = "UIInterfaceOrientationPortrait UIInterfaceOrientationLandscapeLeft UIInterfaceOrientationLandscapeRight";
				LD_RUNPATH_SEARCH_PATHS = (
					"$(inherited)",
					"@executable_path/Frameworks",
				);
				MARKETING_VERSION = 1.0;
				PRODUCT_BUNDLE_IDENTIFIER = com.unfinished.us.ActivityContentSDK;
				PRODUCT_NAME = "$(TARGET_NAME)";
				SWIFT_EMIT_LOC_STRINGS = YES;
				SWIFT_VERSION = 5.0;
				TARGETED_DEVICE_FAMILY = "1,2";
			};
			name = Release;
		};
		C72A5747277D1E3100CC4712 /* Debug */ = {
			isa = XCBuildConfiguration;
			buildSettings = {
				ALWAYS_EMBED_SWIFT_STANDARD_LIBRARIES = YES;
				BUNDLE_LOADER = "$(TEST_HOST)";
				CLANG_ENABLE_MODULES = YES;
				CODE_SIGN_STYLE = Automatic;
				CURRENT_PROJECT_VERSION = 1;
				DEVELOPMENT_TEAM = U95Q67332B;
				GENERATE_INFOPLIST_FILE = YES;
				IPHONEOS_DEPLOYMENT_TARGET = 15.0;
				LD_RUNPATH_SEARCH_PATHS = (
					"$(inherited)",
					"@executable_path/Frameworks",
					"@loader_path/Frameworks",
				);
				MARKETING_VERSION = 1.0;
				PRODUCT_BUNDLE_IDENTIFIER = com.unfinished.us.ActivityContentSDKTests;
				PRODUCT_NAME = "$(TARGET_NAME)";
				SWIFT_EMIT_LOC_STRINGS = NO;
				SWIFT_OPTIMIZATION_LEVEL = "-Onone";
				SWIFT_VERSION = 5.0;
				TARGETED_DEVICE_FAMILY = "1,2";
				TEST_HOST = "$(BUILT_PRODUCTS_DIR)/ActivityContentSDK.app/ActivityContentSDK";
			};
			name = Debug;
		};
		C72A5748277D1E3100CC4712 /* Release */ = {
			isa = XCBuildConfiguration;
			buildSettings = {
				ALWAYS_EMBED_SWIFT_STANDARD_LIBRARIES = YES;
				BUNDLE_LOADER = "$(TEST_HOST)";
				CLANG_ENABLE_MODULES = YES;
				CODE_SIGN_STYLE = Automatic;
				CURRENT_PROJECT_VERSION = 1;
				DEVELOPMENT_TEAM = U95Q67332B;
				GENERATE_INFOPLIST_FILE = YES;
				IPHONEOS_DEPLOYMENT_TARGET = 15.0;
				LD_RUNPATH_SEARCH_PATHS = (
					"$(inherited)",
					"@executable_path/Frameworks",
					"@loader_path/Frameworks",
				);
				MARKETING_VERSION = 1.0;
				PRODUCT_BUNDLE_IDENTIFIER = com.unfinished.us.ActivityContentSDKTests;
				PRODUCT_NAME = "$(TARGET_NAME)";
				SWIFT_EMIT_LOC_STRINGS = NO;
				SWIFT_VERSION = 5.0;
				TARGETED_DEVICE_FAMILY = "1,2";
				TEST_HOST = "$(BUILT_PRODUCTS_DIR)/ActivityContentSDK.app/ActivityContentSDK";
			};
			name = Release;
		};
		C72A574A277D1E3100CC4712 /* Debug */ = {
			isa = XCBuildConfiguration;
			buildSettings = {
				ALWAYS_EMBED_SWIFT_STANDARD_LIBRARIES = YES;
				CODE_SIGN_STYLE = Automatic;
				CURRENT_PROJECT_VERSION = 1;
				DEVELOPMENT_TEAM = U95Q67332B;
				GENERATE_INFOPLIST_FILE = YES;
				LD_RUNPATH_SEARCH_PATHS = (
					"$(inherited)",
					"@executable_path/Frameworks",
					"@loader_path/Frameworks",
				);
				MARKETING_VERSION = 1.0;
				PRODUCT_BUNDLE_IDENTIFIER = com.unfinished.us.ActivityContentSDKUITests;
				PRODUCT_NAME = "$(TARGET_NAME)";
				SWIFT_EMIT_LOC_STRINGS = NO;
				SWIFT_VERSION = 5.0;
				TARGETED_DEVICE_FAMILY = "1,2";
				TEST_TARGET_NAME = ActivityContentSDK;
			};
			name = Debug;
		};
		C72A574B277D1E3100CC4712 /* Release */ = {
			isa = XCBuildConfiguration;
			buildSettings = {
				ALWAYS_EMBED_SWIFT_STANDARD_LIBRARIES = YES;
				CODE_SIGN_STYLE = Automatic;
				CURRENT_PROJECT_VERSION = 1;
				DEVELOPMENT_TEAM = U95Q67332B;
				GENERATE_INFOPLIST_FILE = YES;
				LD_RUNPATH_SEARCH_PATHS = (
					"$(inherited)",
					"@executable_path/Frameworks",
					"@loader_path/Frameworks",
				);
				MARKETING_VERSION = 1.0;
				PRODUCT_BUNDLE_IDENTIFIER = com.unfinished.us.ActivityContentSDKUITests;
				PRODUCT_NAME = "$(TARGET_NAME)";
				SWIFT_EMIT_LOC_STRINGS = NO;
				SWIFT_VERSION = 5.0;
				TARGETED_DEVICE_FAMILY = "1,2";
				TEST_TARGET_NAME = ActivityContentSDK;
			};
			name = Release;
		};
/* End XCBuildConfiguration section */

/* Begin XCConfigurationList section */
		C72A5714277D1E2E00CC4712 /* Build configuration list for PBXProject "ActivityContentSDK" */ = {
			isa = XCConfigurationList;
			buildConfigurations = (
				C72A5741277D1E3100CC4712 /* Debug */,
				C72A5742277D1E3100CC4712 /* Release */,
			);
			defaultConfigurationIsVisible = 0;
			defaultConfigurationName = Release;
		};
		C72A5743277D1E3100CC4712 /* Build configuration list for PBXNativeTarget "ActivityContentSDK" */ = {
			isa = XCConfigurationList;
			buildConfigurations = (
				C72A5744277D1E3100CC4712 /* Debug */,
				C72A5745277D1E3100CC4712 /* Release */,
			);
			defaultConfigurationIsVisible = 0;
			defaultConfigurationName = Release;
		};
		C72A5746277D1E3100CC4712 /* Build configuration list for PBXNativeTarget "ActivityContentSDKTests" */ = {
			isa = XCConfigurationList;
			buildConfigurations = (
				C72A5747277D1E3100CC4712 /* Debug */,
				C72A5748277D1E3100CC4712 /* Release */,
			);
			defaultConfigurationIsVisible = 0;
			defaultConfigurationName = Release;
		};
		C72A5749277D1E3100CC4712 /* Build configuration list for PBXNativeTarget "ActivityContentSDKUITests" */ = {
			isa = XCConfigurationList;
			buildConfigurations = (
				C72A574A277D1E3100CC4712 /* Debug */,
				C72A574B277D1E3100CC4712 /* Release */,
			);
			defaultConfigurationIsVisible = 0;
			defaultConfigurationName = Release;
		};
/* End XCConfigurationList section */

/* Begin XCRemoteSwiftPackageReference section */
		C72A5767277D1EDA00CC4712 /* XCRemoteSwiftPackageReference "SwiftKeccak" */ = {
			isa = XCRemoteSwiftPackageReference;
			repositoryURL = "https://github.com/bitflying/SwiftKeccak.git";
			requirement = {
				kind = upToNextMajorVersion;
				minimumVersion = 0.1.2;
			};
		};
/* End XCRemoteSwiftPackageReference section */

/* Begin XCSwiftPackageProductDependency section */
		C72A5768277D1EDA00CC4712 /* SwiftKeccak */ = {
			isa = XCSwiftPackageProductDependency;
			package = C72A5767277D1EDA00CC4712 /* XCRemoteSwiftPackageReference "SwiftKeccak" */;
			productName = SwiftKeccak;
		};
/* End XCSwiftPackageProductDependency section */
	};
	rootObject = C72A5711277D1E2E00CC4712 /* Project object */;
}
