// !$*UTF8*$!
{
	archiveVersion = 1;
	classes = {
	};
	objectVersion = 55;
	objects = {

/* Begin PBXBuildFile section */
		C72A57E527866F3A00CC4712 /* AppDelegate.swift in Sources */ = {isa = PBXBuildFile; fileRef = C72A57E427866F3A00CC4712 /* AppDelegate.swift */; };
		C72A57E727866F3A00CC4712 /* SceneDelegate.swift in Sources */ = {isa = PBXBuildFile; fileRef = C72A57E627866F3A00CC4712 /* SceneDelegate.swift */; };
		C72A57E927866F3A00CC4712 /* ViewController.swift in Sources */ = {isa = PBXBuildFile; fileRef = C72A57E827866F3A00CC4712 /* ViewController.swift */; };
		C72A57EC27866F3A00CC4712 /* Main.storyboard in Resources */ = {isa = PBXBuildFile; fileRef = C72A57EA27866F3A00CC4712 /* Main.storyboard */; };
		C72A57EE27866F3F00CC4712 /* Assets.xcassets in Resources */ = {isa = PBXBuildFile; fileRef = C72A57ED27866F3F00CC4712 /* Assets.xcassets */; };
		C72A57F127866F3F00CC4712 /* LaunchScreen.storyboard in Resources */ = {isa = PBXBuildFile; fileRef = C72A57EF27866F3F00CC4712 /* LaunchScreen.storyboard */; };
		C72A57FC27866F3F00CC4712 /* ExampleTests.swift in Sources */ = {isa = PBXBuildFile; fileRef = C72A57FB27866F3F00CC4712 /* ExampleTests.swift */; };
		C72A580627866F3F00CC4712 /* ExampleUITests.swift in Sources */ = {isa = PBXBuildFile; fileRef = C72A580527866F3F00CC4712 /* ExampleUITests.swift */; };
		C72A580827866F3F00CC4712 /* ExampleUITestsLaunchTests.swift in Sources */ = {isa = PBXBuildFile; fileRef = C72A580727866F3F00CC4712 /* ExampleUITestsLaunchTests.swift */; };
		C77E49F3278671EA0024CEE1 /* ActivityContentSDK in Frameworks */ = {isa = PBXBuildFile; productRef = C77E49F2278671EA0024CEE1 /* ActivityContentSDK */; };
/* End PBXBuildFile section */

/* Begin PBXContainerItemProxy section */
		C72A57F827866F3F00CC4712 /* PBXContainerItemProxy */ = {
			isa = PBXContainerItemProxy;
			containerPortal = C72A57D927866F3A00CC4712 /* Project object */;
			proxyType = 1;
			remoteGlobalIDString = C72A57E027866F3A00CC4712;
			remoteInfo = Example;
		};
		C72A580227866F3F00CC4712 /* PBXContainerItemProxy */ = {
			isa = PBXContainerItemProxy;
			containerPortal = C72A57D927866F3A00CC4712 /* Project object */;
			proxyType = 1;
			remoteGlobalIDString = C72A57E027866F3A00CC4712;
			remoteInfo = Example;
		};
/* End PBXContainerItemProxy section */

/* Begin PBXFileReference section */
		C72A57E127866F3A00CC4712 /* Example.app */ = {isa = PBXFileReference; explicitFileType = wrapper.application; includeInIndex = 0; path = Example.app; sourceTree = BUILT_PRODUCTS_DIR; };
		C72A57E427866F3A00CC4712 /* AppDelegate.swift */ = {isa = PBXFileReference; lastKnownFileType = sourcecode.swift; path = AppDelegate.swift; sourceTree = "<group>"; };
		C72A57E627866F3A00CC4712 /* SceneDelegate.swift */ = {isa = PBXFileReference; lastKnownFileType = sourcecode.swift; path = SceneDelegate.swift; sourceTree = "<group>"; };
		C72A57E827866F3A00CC4712 /* ViewController.swift */ = {isa = PBXFileReference; lastKnownFileType = sourcecode.swift; path = ViewController.swift; sourceTree = "<group>"; };
		C72A57EB27866F3A00CC4712 /* Base */ = {isa = PBXFileReference; lastKnownFileType = file.storyboard; name = Base; path = Base.lproj/Main.storyboard; sourceTree = "<group>"; };
		C72A57ED27866F3F00CC4712 /* Assets.xcassets */ = {isa = PBXFileReference; lastKnownFileType = folder.assetcatalog; path = Assets.xcassets; sourceTree = "<group>"; };
		C72A57F027866F3F00CC4712 /* Base */ = {isa = PBXFileReference; lastKnownFileType = file.storyboard; name = Base; path = Base.lproj/LaunchScreen.storyboard; sourceTree = "<group>"; };
		C72A57F227866F3F00CC4712 /* Info.plist */ = {isa = PBXFileReference; lastKnownFileType = text.plist.xml; path = Info.plist; sourceTree = "<group>"; };
		C72A57F727866F3F00CC4712 /* ExampleTests.xctest */ = {isa = PBXFileReference; explicitFileType = wrapper.cfbundle; includeInIndex = 0; path = ExampleTests.xctest; sourceTree = BUILT_PRODUCTS_DIR; };
		C72A57FB27866F3F00CC4712 /* ExampleTests.swift */ = {isa = PBXFileReference; lastKnownFileType = sourcecode.swift; path = ExampleTests.swift; sourceTree = "<group>"; };
		C72A580127866F3F00CC4712 /* ExampleUITests.xctest */ = {isa = PBXFileReference; explicitFileType = wrapper.cfbundle; includeInIndex = 0; path = ExampleUITests.xctest; sourceTree = BUILT_PRODUCTS_DIR; };
		C72A580527866F3F00CC4712 /* ExampleUITests.swift */ = {isa = PBXFileReference; lastKnownFileType = sourcecode.swift; path = ExampleUITests.swift; sourceTree = "<group>"; };
		C72A580727866F3F00CC4712 /* ExampleUITestsLaunchTests.swift */ = {isa = PBXFileReference; lastKnownFileType = sourcecode.swift; path = ExampleUITestsLaunchTests.swift; sourceTree = "<group>"; };
		C72A581A278670BC00CC4712 /* ActivityContentSDK */ = {isa = PBXFileReference; lastKnownFileType = folder; name = ActivityContentSDK; path = ../ActivityContentSDK; sourceTree = "<group>"; };
/* End PBXFileReference section */

/* Begin PBXFrameworksBuildPhase section */
		C72A57DE27866F3A00CC4712 /* Frameworks */ = {
			isa = PBXFrameworksBuildPhase;
			buildActionMask = 2147483647;
			files = (
				C77E49F3278671EA0024CEE1 /* ActivityContentSDK in Frameworks */,
			);
			runOnlyForDeploymentPostprocessing = 0;
		};
		C72A57F427866F3F00CC4712 /* Frameworks */ = {
			isa = PBXFrameworksBuildPhase;
			buildActionMask = 2147483647;
			files = (
			);
			runOnlyForDeploymentPostprocessing = 0;
		};
		C72A57FE27866F3F00CC4712 /* Frameworks */ = {
			isa = PBXFrameworksBuildPhase;
			buildActionMask = 2147483647;
			files = (
			);
			runOnlyForDeploymentPostprocessing = 0;
		};
/* End PBXFrameworksBuildPhase section */

/* Begin PBXGroup section */
		C72A57D827866F3A00CC4712 = {
			isa = PBXGroup;
			children = (
				C72A5819278670BC00CC4712 /* Packages */,
				C72A57E327866F3A00CC4712 /* Example */,
				C72A57FA27866F3F00CC4712 /* ExampleTests */,
				C72A580427866F3F00CC4712 /* ExampleUITests */,
				C72A57E227866F3A00CC4712 /* Products */,
				C72A581627866FCA00CC4712 /* Frameworks */,
			);
			sourceTree = "<group>";
		};
		C72A57E227866F3A00CC4712 /* Products */ = {
			isa = PBXGroup;
			children = (
				C72A57E127866F3A00CC4712 /* Example.app */,
				C72A57F727866F3F00CC4712 /* ExampleTests.xctest */,
				C72A580127866F3F00CC4712 /* ExampleUITests.xctest */,
			);
			name = Products;
			sourceTree = "<group>";
		};
		C72A57E327866F3A00CC4712 /* Example */ = {
			isa = PBXGroup;
			children = (
				C72A57E427866F3A00CC4712 /* AppDelegate.swift */,
				C72A57E627866F3A00CC4712 /* SceneDelegate.swift */,
				C72A57E827866F3A00CC4712 /* ViewController.swift */,
				C72A57EA27866F3A00CC4712 /* Main.storyboard */,
				C72A57ED27866F3F00CC4712 /* Assets.xcassets */,
				C72A57EF27866F3F00CC4712 /* LaunchScreen.storyboard */,
				C72A57F227866F3F00CC4712 /* Info.plist */,
			);
			path = Example;
			sourceTree = "<group>";
		};
		C72A57FA27866F3F00CC4712 /* ExampleTests */ = {
			isa = PBXGroup;
			children = (
				C72A57FB27866F3F00CC4712 /* ExampleTests.swift */,
			);
			path = ExampleTests;
			sourceTree = "<group>";
		};
		C72A580427866F3F00CC4712 /* ExampleUITests */ = {
			isa = PBXGroup;
			children = (
				C72A580527866F3F00CC4712 /* ExampleUITests.swift */,
				C72A580727866F3F00CC4712 /* ExampleUITestsLaunchTests.swift */,
			);
			path = ExampleUITests;
			sourceTree = "<group>";
		};
		C72A581627866FCA00CC4712 /* Frameworks */ = {
			isa = PBXGroup;
			children = (
			);
			name = Frameworks;
			sourceTree = "<group>";
		};
		C72A5819278670BC00CC4712 /* Packages */ = {
			isa = PBXGroup;
			children = (
				C72A581A278670BC00CC4712 /* ActivityContentSDK */,
			);
			name = Packages;
			sourceTree = "<group>";
		};
/* End PBXGroup section */

/* Begin PBXNativeTarget section */
		C72A57E027866F3A00CC4712 /* Example */ = {
			isa = PBXNativeTarget;
			buildConfigurationList = C72A580B27866F3F00CC4712 /* Build configuration list for PBXNativeTarget "Example" */;
			buildPhases = (
				C72A57DD27866F3A00CC4712 /* Sources */,
				C72A57DE27866F3A00CC4712 /* Frameworks */,
				C72A57DF27866F3A00CC4712 /* Resources */,
			);
			buildRules = (
			);
			dependencies = (
			);
			name = Example;
			packageProductDependencies = (
				C77E49F2278671EA0024CEE1 /* ActivityContentSDK */,
			);
			productName = Example;
			productReference = C72A57E127866F3A00CC4712 /* Example.app */;
			productType = "com.apple.product-type.application";
		};
		C72A57F627866F3F00CC4712 /* ExampleTests */ = {
			isa = PBXNativeTarget;
			buildConfigurationList = C72A580E27866F3F00CC4712 /* Build configuration list for PBXNativeTarget "ExampleTests" */;
			buildPhases = (
				C72A57F327866F3F00CC4712 /* Sources */,
				C72A57F427866F3F00CC4712 /* Frameworks */,
				C72A57F527866F3F00CC4712 /* Resources */,
			);
			buildRules = (
			);
			dependencies = (
				C72A57F927866F3F00CC4712 /* PBXTargetDependency */,
			);
			name = ExampleTests;
			productName = ExampleTests;
			productReference = C72A57F727866F3F00CC4712 /* ExampleTests.xctest */;
			productType = "com.apple.product-type.bundle.unit-test";
		};
		C72A580027866F3F00CC4712 /* ExampleUITests */ = {
			isa = PBXNativeTarget;
			buildConfigurationList = C72A581127866F3F00CC4712 /* Build configuration list for PBXNativeTarget "ExampleUITests" */;
			buildPhases = (
				C72A57FD27866F3F00CC4712 /* Sources */,
				C72A57FE27866F3F00CC4712 /* Frameworks */,
				C72A57FF27866F3F00CC4712 /* Resources */,
			);
			buildRules = (
			);
			dependencies = (
				C72A580327866F3F00CC4712 /* PBXTargetDependency */,
			);
			name = ExampleUITests;
			productName = ExampleUITests;
			productReference = C72A580127866F3F00CC4712 /* ExampleUITests.xctest */;
			productType = "com.apple.product-type.bundle.ui-testing";
		};
/* End PBXNativeTarget section */

/* Begin PBXProject section */
		C72A57D927866F3A00CC4712 /* Project object */ = {
			isa = PBXProject;
			attributes = {
				BuildIndependentTargetsInParallel = 1;
				LastSwiftUpdateCheck = 1310;
				LastUpgradeCheck = 1310;
				TargetAttributes = {
					C72A57E027866F3A00CC4712 = {
						CreatedOnToolsVersion = 13.1;
					};
					C72A57F627866F3F00CC4712 = {
						CreatedOnToolsVersion = 13.1;
						TestTargetID = C72A57E027866F3A00CC4712;
					};
					C72A580027866F3F00CC4712 = {
						CreatedOnToolsVersion = 13.1;
						TestTargetID = C72A57E027866F3A00CC4712;
					};
				};
			};
			buildConfigurationList = C72A57DC27866F3A00CC4712 /* Build configuration list for PBXProject "Example" */;
			compatibilityVersion = "Xcode 13.0";
			developmentRegion = en;
			hasScannedForEncodings = 0;
			knownRegions = (
				en,
				Base,
			);
			mainGroup = C72A57D827866F3A00CC4712;
			productRefGroup = C72A57E227866F3A00CC4712 /* Products */;
			projectDirPath = "";
			projectRoot = "";
			targets = (
				C72A57E027866F3A00CC4712 /* Example */,
				C72A57F627866F3F00CC4712 /* ExampleTests */,
				C72A580027866F3F00CC4712 /* ExampleUITests */,
			);
		};
/* End PBXProject section */

/* Begin PBXResourcesBuildPhase section */
		C72A57DF27866F3A00CC4712 /* Resources */ = {
			isa = PBXResourcesBuildPhase;
			buildActionMask = 2147483647;
			files = (
				C72A57F127866F3F00CC4712 /* LaunchScreen.storyboard in Resources */,
				C72A57EE27866F3F00CC4712 /* Assets.xcassets in Resources */,
				C72A57EC27866F3A00CC4712 /* Main.storyboard in Resources */,
			);
			runOnlyForDeploymentPostprocessing = 0;
		};
		C72A57F527866F3F00CC4712 /* Resources */ = {
			isa = PBXResourcesBuildPhase;
			buildActionMask = 2147483647;
			files = (
			);
			runOnlyForDeploymentPostprocessing = 0;
		};
		C72A57FF27866F3F00CC4712 /* Resources */ = {
			isa = PBXResourcesBuildPhase;
			buildActionMask = 2147483647;
			files = (
			);
			runOnlyForDeploymentPostprocessing = 0;
		};
/* End PBXResourcesBuildPhase section */

/* Begin PBXSourcesBuildPhase section */
		C72A57DD27866F3A00CC4712 /* Sources */ = {
			isa = PBXSourcesBuildPhase;
			buildActionMask = 2147483647;
			files = (
				C72A57E927866F3A00CC4712 /* ViewController.swift in Sources */,
				C72A57E527866F3A00CC4712 /* AppDelegate.swift in Sources */,
				C72A57E727866F3A00CC4712 /* SceneDelegate.swift in Sources */,
			);
			runOnlyForDeploymentPostprocessing = 0;
		};
		C72A57F327866F3F00CC4712 /* Sources */ = {
			isa = PBXSourcesBuildPhase;
			buildActionMask = 2147483647;
			files = (
				C72A57FC27866F3F00CC4712 /* ExampleTests.swift in Sources */,
			);
			runOnlyForDeploymentPostprocessing = 0;
		};
		C72A57FD27866F3F00CC4712 /* Sources */ = {
			isa = PBXSourcesBuildPhase;
			buildActionMask = 2147483647;
			files = (
				C72A580627866F3F00CC4712 /* ExampleUITests.swift in Sources */,
				C72A580827866F3F00CC4712 /* ExampleUITestsLaunchTests.swift in Sources */,
			);
			runOnlyForDeploymentPostprocessing = 0;
		};
/* End PBXSourcesBuildPhase section */

/* Begin PBXTargetDependency section */
		C72A57F927866F3F00CC4712 /* PBXTargetDependency */ = {
			isa = PBXTargetDependency;
			target = C72A57E027866F3A00CC4712 /* Example */;
			targetProxy = C72A57F827866F3F00CC4712 /* PBXContainerItemProxy */;
		};
		C72A580327866F3F00CC4712 /* PBXTargetDependency */ = {
			isa = PBXTargetDependency;
			target = C72A57E027866F3A00CC4712 /* Example */;
			targetProxy = C72A580227866F3F00CC4712 /* PBXContainerItemProxy */;
		};
/* End PBXTargetDependency section */

/* Begin PBXVariantGroup section */
		C72A57EA27866F3A00CC4712 /* Main.storyboard */ = {
			isa = PBXVariantGroup;
			children = (
				C72A57EB27866F3A00CC4712 /* Base */,
			);
			name = Main.storyboard;
			sourceTree = "<group>";
		};
		C72A57EF27866F3F00CC4712 /* LaunchScreen.storyboard */ = {
			isa = PBXVariantGroup;
			children = (
				C72A57F027866F3F00CC4712 /* Base */,
			);
			name = LaunchScreen.storyboard;
			sourceTree = "<group>";
		};
/* End PBXVariantGroup section */

/* Begin XCBuildConfiguration section */
		C72A580927866F3F00CC4712 /* Debug */ = {
			isa = XCBuildConfiguration;
			buildSettings = {
				ALWAYS_SEARCH_USER_PATHS = NO;
				CLANG_ANALYZER_NONNULL = YES;
				CLANG_ANALYZER_NUMBER_OBJECT_CONVERSION = YES_AGGRESSIVE;
				CLANG_CXX_LANGUAGE_STANDARD = "gnu++17";
				CLANG_CXX_LIBRARY = "libc++";
				CLANG_ENABLE_MODULES = YES;
				CLANG_ENABLE_OBJC_ARC = YES;
				CLANG_ENABLE_OBJC_WEAK = YES;
				CLANG_WARN_BLOCK_CAPTURE_AUTORELEASING = YES;
				CLANG_WARN_BOOL_CONVERSION = YES;
				CLANG_WARN_COMMA = YES;
				CLANG_WARN_CONSTANT_CONVERSION = YES;
				CLANG_WARN_DEPRECATED_OBJC_IMPLEMENTATIONS = YES;
				CLANG_WARN_DIRECT_OBJC_ISA_USAGE = YES_ERROR;
				CLANG_WARN_DOCUMENTATION_COMMENTS = YES;
				CLANG_WARN_EMPTY_BODY = YES;
				CLANG_WARN_ENUM_CONVERSION = YES;
				CLANG_WARN_INFINITE_RECURSION = YES;
				CLANG_WARN_INT_CONVERSION = YES;
				CLANG_WARN_NON_LITERAL_NULL_CONVERSION = YES;
				CLANG_WARN_OBJC_IMPLICIT_RETAIN_SELF = YES;
				CLANG_WARN_OBJC_LITERAL_CONVERSION = YES;
				CLANG_WARN_OBJC_ROOT_CLASS = YES_ERROR;
				CLANG_WARN_QUOTED_INCLUDE_IN_FRAMEWORK_HEADER = YES;
				CLANG_WARN_RANGE_LOOP_ANALYSIS = YES;
				CLANG_WARN_STRICT_PROTOTYPES = YES;
				CLANG_WARN_SUSPICIOUS_MOVE = YES;
				CLANG_WARN_UNGUARDED_AVAILABILITY = YES_AGGRESSIVE;
				CLANG_WARN_UNREACHABLE_CODE = YES;
				CLANG_WARN__DUPLICATE_METHOD_MATCH = YES;
				COPY_PHASE_STRIP = NO;
				DEBUG_INFORMATION_FORMAT = dwarf;
				ENABLE_STRICT_OBJC_MSGSEND = YES;
				ENABLE_TESTABILITY = YES;
				GCC_C_LANGUAGE_STANDARD = gnu11;
				GCC_DYNAMIC_NO_PIC = NO;
				GCC_NO_COMMON_BLOCKS = YES;
				GCC_OPTIMIZATION_LEVEL = 0;
				GCC_PREPROCESSOR_DEFINITIONS = (
					"DEBUG=1",
					"$(inherited)",
				);
				GCC_WARN_64_TO_32_BIT_CONVERSION = YES;
				GCC_WARN_ABOUT_RETURN_TYPE = YES_ERROR;
				GCC_WARN_UNDECLARED_SELECTOR = YES;
				GCC_WARN_UNINITIALIZED_AUTOS = YES_AGGRESSIVE;
				GCC_WARN_UNUSED_FUNCTION = YES;
				GCC_WARN_UNUSED_VARIABLE = YES;
				IPHONEOS_DEPLOYMENT_TARGET = 15.0;
				MTL_ENABLE_DEBUG_INFO = INCLUDE_SOURCE;
				MTL_FAST_MATH = YES;
				ONLY_ACTIVE_ARCH = YES;
				SDKROOT = iphoneos;
				SWIFT_ACTIVE_COMPILATION_CONDITIONS = DEBUG;
				SWIFT_OPTIMIZATION_LEVEL = "-Onone";
			};
			name = Debug;
		};
		C72A580A27866F3F00CC4712 /* Release */ = {
			isa = XCBuildConfiguration;
			buildSettings = {
				ALWAYS_SEARCH_USER_PATHS = NO;
				CLANG_ANALYZER_NONNULL = YES;
				CLANG_ANALYZER_NUMBER_OBJECT_CONVERSION = YES_AGGRESSIVE;
				CLANG_CXX_LANGUAGE_STANDARD = "gnu++17";
				CLANG_CXX_LIBRARY = "libc++";
				CLANG_ENABLE_MODULES = YES;
				CLANG_ENABLE_OBJC_ARC = YES;
				CLANG_ENABLE_OBJC_WEAK = YES;
				CLANG_WARN_BLOCK_CAPTURE_AUTORELEASING = YES;
				CLANG_WARN_BOOL_CONVERSION = YES;
				CLANG_WARN_COMMA = YES;
				CLANG_WARN_CONSTANT_CONVERSION = YES;
				CLANG_WARN_DEPRECATED_OBJC_IMPLEMENTATIONS = YES;
				CLANG_WARN_DIRECT_OBJC_ISA_USAGE = YES_ERROR;
				CLANG_WARN_DOCUMENTATION_COMMENTS = YES;
				CLANG_WARN_EMPTY_BODY = YES;
				CLANG_WARN_ENUM_CONVERSION = YES;
				CLANG_WARN_INFINITE_RECURSION = YES;
				CLANG_WARN_INT_CONVERSION = YES;
				CLANG_WARN_NON_LITERAL_NULL_CONVERSION = YES;
				CLANG_WARN_OBJC_IMPLICIT_RETAIN_SELF = YES;
				CLANG_WARN_OBJC_LITERAL_CONVERSION = YES;
				CLANG_WARN_OBJC_ROOT_CLASS = YES_ERROR;
				CLANG_WARN_QUOTED_INCLUDE_IN_FRAMEWORK_HEADER = YES;
				CLANG_WARN_RANGE_LOOP_ANALYSIS = YES;
				CLANG_WARN_STRICT_PROTOTYPES = YES;
				CLANG_WARN_SUSPICIOUS_MOVE = YES;
				CLANG_WARN_UNGUARDED_AVAILABILITY = YES_AGGRESSIVE;
				CLANG_WARN_UNREACHABLE_CODE = YES;
				CLANG_WARN__DUPLICATE_METHOD_MATCH = YES;
				COPY_PHASE_STRIP = NO;
				DEBUG_INFORMATION_FORMAT = "dwarf-with-dsym";
				ENABLE_NS_ASSERTIONS = NO;
				ENABLE_STRICT_OBJC_MSGSEND = YES;
				GCC_C_LANGUAGE_STANDARD = gnu11;
				GCC_NO_COMMON_BLOCKS = YES;
				GCC_WARN_64_TO_32_BIT_CONVERSION = YES;
				GCC_WARN_ABOUT_RETURN_TYPE = YES_ERROR;
				GCC_WARN_UNDECLARED_SELECTOR = YES;
				GCC_WARN_UNINITIALIZED_AUTOS = YES_AGGRESSIVE;
				GCC_WARN_UNUSED_FUNCTION = YES;
				GCC_WARN_UNUSED_VARIABLE = YES;
				IPHONEOS_DEPLOYMENT_TARGET = 15.0;
				MTL_ENABLE_DEBUG_INFO = NO;
				MTL_FAST_MATH = YES;
				SDKROOT = iphoneos;
				SWIFT_COMPILATION_MODE = wholemodule;
				SWIFT_OPTIMIZATION_LEVEL = "-O";
				VALIDATE_PRODUCT = YES;
			};
			name = Release;
		};
		C72A580C27866F3F00CC4712 /* Debug */ = {
			isa = XCBuildConfiguration;
			buildSettings = {
				ASSETCATALOG_COMPILER_APPICON_NAME = AppIcon;
				ASSETCATALOG_COMPILER_GLOBAL_ACCENT_COLOR_NAME = AccentColor;
				CODE_SIGN_STYLE = Automatic;
				CURRENT_PROJECT_VERSION = 1;
				DEVELOPMENT_ASSET_PATHS = "";
				DEVELOPMENT_TEAM = U95Q67332B;
				GENERATE_INFOPLIST_FILE = YES;
				INFOPLIST_FILE = Example/Info.plist;
				INFOPLIST_KEY_UIApplicationSupportsIndirectInputEvents = YES;
				INFOPLIST_KEY_UILaunchStoryboardName = LaunchScreen;
				INFOPLIST_KEY_UIMainStoryboardFile = Main;
				INFOPLIST_KEY_UISupportedInterfaceOrientations_iPad = "UIInterfaceOrientationPortrait UIInterfaceOrientationPortraitUpsideDown UIInterfaceOrientationLandscapeLeft UIInterfaceOrientationLandscapeRight";
				INFOPLIST_KEY_UISupportedInterfaceOrientations_iPhone = "UIInterfaceOrientationPortrait UIInterfaceOrientationLandscapeLeft UIInterfaceOrientationLandscapeRight";
				LD_RUNPATH_SEARCH_PATHS = (
					"$(inherited)",
					"@executable_path/Frameworks",
				);
				MARKETING_VERSION = 1.0;
				PRODUCT_BUNDLE_IDENTIFIER = com.unfinished.us.Example;
				PRODUCT_NAME = "$(TARGET_NAME)";
				SWIFT_EMIT_LOC_STRINGS = YES;
				SWIFT_VERSION = 5.0;
				TARGETED_DEVICE_FAMILY = "1,2";
			};
			name = Debug;
		};
		C72A580D27866F3F00CC4712 /* Release */ = {
			isa = XCBuildConfiguration;
			buildSettings = {
				ASSETCATALOG_COMPILER_APPICON_NAME = AppIcon;
				ASSETCATALOG_COMPILER_GLOBAL_ACCENT_COLOR_NAME = AccentColor;
				CODE_SIGN_STYLE = Automatic;
				CURRENT_PROJECT_VERSION = 1;
				DEVELOPMENT_ASSET_PATHS = "";
				DEVELOPMENT_TEAM = U95Q67332B;
				GENERATE_INFOPLIST_FILE = YES;
				INFOPLIST_FILE = Example/Info.plist;
				INFOPLIST_KEY_UIApplicationSupportsIndirectInputEvents = YES;
				INFOPLIST_KEY_UILaunchStoryboardName = LaunchScreen;
				INFOPLIST_KEY_UIMainStoryboardFile = Main;
				INFOPLIST_KEY_UISupportedInterfaceOrientations_iPad = "UIInterfaceOrientationPortrait UIInterfaceOrientationPortraitUpsideDown UIInterfaceOrientationLandscapeLeft UIInterfaceOrientationLandscapeRight";
				INFOPLIST_KEY_UISupportedInterfaceOrientations_iPhone = "UIInterfaceOrientationPortrait UIInterfaceOrientationLandscapeLeft UIInterfaceOrientationLandscapeRight";
				LD_RUNPATH_SEARCH_PATHS = (
					"$(inherited)",
					"@executable_path/Frameworks",
				);
				MARKETING_VERSION = 1.0;
				PRODUCT_BUNDLE_IDENTIFIER = com.unfinished.us.Example;
				PRODUCT_NAME = "$(TARGET_NAME)";
				SWIFT_EMIT_LOC_STRINGS = YES;
				SWIFT_VERSION = 5.0;
				TARGETED_DEVICE_FAMILY = "1,2";
			};
			name = Release;
		};
		C72A580F27866F3F00CC4712 /* Debug */ = {
			isa = XCBuildConfiguration;
			buildSettings = {
				ALWAYS_EMBED_SWIFT_STANDARD_LIBRARIES = YES;
				BUNDLE_LOADER = "$(TEST_HOST)";
				CODE_SIGN_STYLE = Automatic;
				CURRENT_PROJECT_VERSION = 1;
				DEVELOPMENT_TEAM = U95Q67332B;
				GENERATE_INFOPLIST_FILE = YES;
				IPHONEOS_DEPLOYMENT_TARGET = 15.0;
				LD_RUNPATH_SEARCH_PATHS = (
					"$(inherited)",
					"@executable_path/Frameworks",
					"@loader_path/Frameworks",
				);
				MARKETING_VERSION = 1.0;
				PRODUCT_BUNDLE_IDENTIFIER = com.unfinished.us.ExampleTests;
				PRODUCT_NAME = "$(TARGET_NAME)";
				SWIFT_EMIT_LOC_STRINGS = NO;
				SWIFT_VERSION = 5.0;
				TARGETED_DEVICE_FAMILY = "1,2";
				TEST_HOST = "$(BUILT_PRODUCTS_DIR)/Example.app/Example";
			};
			name = Debug;
		};
		C72A581027866F3F00CC4712 /* Release */ = {
			isa = XCBuildConfiguration;
			buildSettings = {
				ALWAYS_EMBED_SWIFT_STANDARD_LIBRARIES = YES;
				BUNDLE_LOADER = "$(TEST_HOST)";
				CODE_SIGN_STYLE = Automatic;
				CURRENT_PROJECT_VERSION = 1;
				DEVELOPMENT_TEAM = U95Q67332B;
				GENERATE_INFOPLIST_FILE = YES;
				IPHONEOS_DEPLOYMENT_TARGET = 15.0;
				LD_RUNPATH_SEARCH_PATHS = (
					"$(inherited)",
					"@executable_path/Frameworks",
					"@loader_path/Frameworks",
				);
				MARKETING_VERSION = 1.0;
				PRODUCT_BUNDLE_IDENTIFIER = com.unfinished.us.ExampleTests;
				PRODUCT_NAME = "$(TARGET_NAME)";
				SWIFT_EMIT_LOC_STRINGS = NO;
				SWIFT_VERSION = 5.0;
				TARGETED_DEVICE_FAMILY = "1,2";
				TEST_HOST = "$(BUILT_PRODUCTS_DIR)/Example.app/Example";
			};
			name = Release;
		};
		C72A581227866F3F00CC4712 /* Debug */ = {
			isa = XCBuildConfiguration;
			buildSettings = {
				ALWAYS_EMBED_SWIFT_STANDARD_LIBRARIES = YES;
				CODE_SIGN_STYLE = Automatic;
				CURRENT_PROJECT_VERSION = 1;
				DEVELOPMENT_TEAM = U95Q67332B;
				GENERATE_INFOPLIST_FILE = YES;
				LD_RUNPATH_SEARCH_PATHS = (
					"$(inherited)",
					"@executable_path/Frameworks",
					"@loader_path/Frameworks",
				);
				MARKETING_VERSION = 1.0;
				PRODUCT_BUNDLE_IDENTIFIER = com.unfinished.us.ExampleUITests;
				PRODUCT_NAME = "$(TARGET_NAME)";
				SWIFT_EMIT_LOC_STRINGS = NO;
				SWIFT_VERSION = 5.0;
				TARGETED_DEVICE_FAMILY = "1,2";
				TEST_TARGET_NAME = Example;
			};
			name = Debug;
		};
		C72A581327866F3F00CC4712 /* Release */ = {
			isa = XCBuildConfiguration;
			buildSettings = {
				ALWAYS_EMBED_SWIFT_STANDARD_LIBRARIES = YES;
				CODE_SIGN_STYLE = Automatic;
				CURRENT_PROJECT_VERSION = 1;
				DEVELOPMENT_TEAM = U95Q67332B;
				GENERATE_INFOPLIST_FILE = YES;
				LD_RUNPATH_SEARCH_PATHS = (
					"$(inherited)",
					"@executable_path/Frameworks",
					"@loader_path/Frameworks",
				);
				MARKETING_VERSION = 1.0;
				PRODUCT_BUNDLE_IDENTIFIER = com.unfinished.us.ExampleUITests;
				PRODUCT_NAME = "$(TARGET_NAME)";
				SWIFT_EMIT_LOC_STRINGS = NO;
				SWIFT_VERSION = 5.0;
				TARGETED_DEVICE_FAMILY = "1,2";
				TEST_TARGET_NAME = Example;
			};
			name = Release;
		};
/* End XCBuildConfiguration section */

/* Begin XCConfigurationList section */
		C72A57DC27866F3A00CC4712 /* Build configuration list for PBXProject "Example" */ = {
			isa = XCConfigurationList;
			buildConfigurations = (
				C72A580927866F3F00CC4712 /* Debug */,
				C72A580A27866F3F00CC4712 /* Release */,
			);
			defaultConfigurationIsVisible = 0;
			defaultConfigurationName = Release;
		};
		C72A580B27866F3F00CC4712 /* Build configuration list for PBXNativeTarget "Example" */ = {
			isa = XCConfigurationList;
			buildConfigurations = (
				C72A580C27866F3F00CC4712 /* Debug */,
				C72A580D27866F3F00CC4712 /* Release */,
			);
			defaultConfigurationIsVisible = 0;
			defaultConfigurationName = Release;
		};
		C72A580E27866F3F00CC4712 /* Build configuration list for PBXNativeTarget "ExampleTests" */ = {
			isa = XCConfigurationList;
			buildConfigurations = (
				C72A580F27866F3F00CC4712 /* Debug */,
				C72A581027866F3F00CC4712 /* Release */,
			);
			defaultConfigurationIsVisible = 0;
			defaultConfigurationName = Release;
		};
		C72A581127866F3F00CC4712 /* Build configuration list for PBXNativeTarget "ExampleUITests" */ = {
			isa = XCConfigurationList;
			buildConfigurations = (
				C72A581227866F3F00CC4712 /* Debug */,
				C72A581327866F3F00CC4712 /* Release */,
			);
			defaultConfigurationIsVisible = 0;
			defaultConfigurationName = Release;
		};
/* End XCConfigurationList section */

/* Begin XCSwiftPackageProductDependency section */
		C77E49F2278671EA0024CEE1 /* ActivityContentSDK */ = {
			isa = XCSwiftPackageProductDependency;
			productName = ActivityContentSDK;
		};
/* End XCSwiftPackageProductDependency section */
	};
	rootObject = C72A57D927866F3A00CC4712 /* Project object */;
}
